
Microsoft Visual Studio Solution File, Format Version 12.00
# Visual Studio Version 17
VisualStudioVersion = 17.13.35931.197
MinimumVisualStudioVersion = 10.0.40219.1
Project("{8BC9CEB8-8B4A-11D0-8D11-00A0C91BC942}") = "lab0", "ConsoleApplication1.vcxproj", "{0428A147-6C09-450F-A2B1-C1BB10D63C22}"
EndProject
Project("{8BC9CEB8-8B4A-11D0-8D11-00A0C91BC942}") = "Ex1_lab1", "..\lab1\lab1.vcxproj", "{B11063BE-A5A7-43BF-B6E0-3FD11B3BDC43}"
EndProject
Project("{8BC9CEB8-8B4A-11D0-8D11-00A0C91BC942}") = "Ex2_lab1", "..\Ex2_lab1\Ex2_lab1.vcxproj", "{3710F33A-EEEA-403C-9E1F-42D7A8036A4C}"
EndProject
Project("{8BC9CEB8-8B4A-11D0-8D11-00A0C91BC942}") = "Ex2_cin_lab1", "..\Ex2_cin_lab1\Ex2_cin_lab1.vcxproj", "{02C3AECD-4ECC-4C25-8C31-FE8C76BFE190}"
EndProject
Project("{8BC9CEB8-8B4A-11D0-8D11-00A0C91BC942}") = "Ex3_lab1", "..\Ex3_lab1\Ex3_lab1.vcxproj", "{4EF90A82-493F-4C2D-9AB7-7E53730FD1A0}"
EndProject
Project("{8BC9CEB8-8B4A-11D0-8D11-00A0C91BC942}") = "Ex4_lab1", "..\Ex4_lab1\Ex4_lab1.vcxproj", "{D25B5744-EDEB-4524-BBB4-BCA35832074D}"
EndProject
Project("{2150E333-8FDC-42A3-9474-1A3956D46DE8}") = "Lab1", "Lab1", "{36D591C7-65C7-A0D1-1CBC-10CDE441BDC8}"
EndProject
Project("{2150E333-8FDC-42A3-9474-1A3956D46DE8}") = "Lab2", "Lab2", "{279856A5-71D6-433E-B288-961756459858}"
EndProject
Project("{8BC9CEB8-8B4A-11D0-8D11-00A0C91BC942}") = "Ex1_lab2", "..\..\lab2\Ex1_lab2\Ex1_lab2.vcxproj", "{CBE15309-B9FD-4826-B2EF-AC666BA03EE5}"
EndProject
Project("{8BC9CEB8-8B4A-11D0-8D11-00A0C91BC942}") = "Ext1_2_lab2", "..\..\..\lab2\Ext2_lab2\Ext2_lab2.vcxproj", "{CB09B101-2C8F-4365-8B1A-7B9A6FD40B6E}"
EndProject
Project("{8BC9CEB8-8B4A-11D0-8D11-00A0C91BC942}") = "Ext_2_1_lab2", "..\..\..\lab2\Ext_2_1_lab2\Ext_2_1_lab2.vcxproj", "{EB96C0A8-4FAC-4487-BC0A-C7A678E3604E}"
EndProject
Project("{8BC9CEB8-8B4A-11D0-8D11-00A0C91BC942}") = "Ext_2_2_lab2", "..\..\..\lab2\Ext_2_2_lab2\Ext_2_2_lab2.vcxproj", "{8F18A5BD-BABA-4B60-B478-1FCD2EB856A0}"
EndProject
Project("{8BC9CEB8-8B4A-11D0-8D11-00A0C91BC942}") = "Ex_2_3_lab2", "..\..\lab2\Ex_2_3_lab2\Ex_2_3_lab2.vcxproj", "{DB40D2FF-47AE-4E14-B6FE-EA15D1623EF1}"
EndProject
Project("{8BC9CEB8-8B4A-11D0-8D11-00A0C91BC942}") = "Ex_2_3_1_lab2", "..\Ex_2_3_1_lab2\Ex_2_3_1_lab2.vcxproj", "{DD1F5749-19D1-4949-8756-9C1D59C828F1}"
EndProject
Project("{8BC9CEB8-8B4A-11D0-8D11-00A0C91BC942}") = "Ex_3_lab2", "..\..\lab2\Ex_3_lab2\Ex_3_lab2.vcxproj", "{75DE347A-6FC6-46D7-8F33-14E6EE799FF1}"
EndProject
Project("{8BC9CEB8-8B4A-11D0-8D11-00A0C91BC942}") = "Ex_4_lab2", "..\..\lab2\Ex_4_lab2\Ex_4_lab2.vcxproj", "{577FD260-8BD0-4593-98F0-16C3294A6C4D}"
EndProject
Project("{8BC9CEB8-8B4A-11D0-8D11-00A0C91BC942}") = "Contr_1_lab2", "..\..\lab2\Contr_1_lab2\Contr_1_lab2.vcxproj", "{A4F4CAE9-F847-4A69-AE87-97B7430E3006}"
EndProject
Project("{8BC9CEB8-8B4A-11D0-8D11-00A0C91BC942}") = "Contr_3_lab2", "..\..\lab2\Contr_3_lab2\Contr_3_lab2.vcxproj", "{5958887A-0791-4BF9-92FB-3D342C9981BF}"
EndProject
Project("{8BC9CEB8-8B4A-11D0-8D11-00A0C91BC942}") = "Contr_2_lab2", "..\..\lab2\Contr_2_lab2\Contr_2_lab2.vcxproj", "{C7C30278-CCFB-486E-8958-7A7C0AF38BB0}"
EndProject
Project("{8BC9CEB8-8B4A-11D0-8D11-00A0C91BC942}") = "Contr_4_lab2", "..\..\lab2\Contr_4_lab2\Contr_4_lab2.vcxproj", "{F7CA6967-BB18-4F77-89D9-78E09815B0BD}"
EndProject
Project("{2150E333-8FDC-42A3-9474-1A3956D46DE8}") = "Lab3", "Lab3", "{D74397B9-F6EE-4EA6-B34F-520606BF9E64}"
EndProject
Project("{8BC9CEB8-8B4A-11D0-8D11-00A0C91BC942}") = "Ex1_1_lab3", "..\..\lab3\Ex1_1_lab3\Ex1_1_lab3.vcxproj", "{2D3EBE1D-ECB3-4E08-976F-46E81F3F94E0}"
EndProject
Project("{8BC9CEB8-8B4A-11D0-8D11-00A0C91BC942}") = "Ex1_2_lab3", "..\..\lab3\Ex1_2_lab3\Ex1_2_lab3.vcxproj", "{9638EFD6-90B0-4711-9C53-FD12F6BDDF85}"
EndProject
Project("{8BC9CEB8-8B4A-11D0-8D11-00A0C91BC942}") = "Ex2_Lab3", "..\..\lab3\Ex2_Lab3\Ex2_Lab3.vcxproj", "{1D18CDD4-77CD-4A31-8489-B5987DE09AEB}"
EndProject
Project("{8BC9CEB8-8B4A-11D0-8D11-00A0C91BC942}") = "Ex3_lab3", "..\..\lab3\Ex3_lab3\Ex3_lab3.vcxproj", "{668220D4-F506-4AAB-8A43-2F4B9C87A270}"
EndProject
Project("{2150E333-8FDC-42A3-9474-1A3956D46DE8}") = "Lab4", "Lab4", "{E885BD0F-5243-475A-9142-1BB8C0853182}"
EndProject
Project("{8BC9CEB8-8B4A-11D0-8D11-00A0C91BC942}") = "Ext4_1_lab3", "..\..\lab3\Ext4_1_lab3\Ext4_1_lab3.vcxproj", "{8B69817E-BC6F-42B4-84EC-5B12483311F9}"
EndProject
Project("{8BC9CEB8-8B4A-11D0-8D11-00A0C91BC942}") = "Contr_1_lab3", "..\..\lab3\Contr_1_lab3\Contr_1_lab3.vcxproj", "{FC863275-D768-4EB3-9F98-EEE6C918A1B7}"
EndProject
Project("{8BC9CEB8-8B4A-11D0-8D11-00A0C91BC942}") = "Contr_2_lab3", "..\..\lab3\Contr_2_lab3\Contr_2_lab3.vcxproj", "{E6AD7D7E-F29C-473D-B91D-1A5BFC6CC6B6}"
EndProject
Project("{8BC9CEB8-8B4A-11D0-8D11-00A0C91BC942}") = "Contr_3_lab3", "..\..\lab3\Contr_3_lab3\Contr_3_lab3.vcxproj", "{E9A06619-0A73-41D2-9E3C-B45DCA9A65FC}"
EndProject
Project("{8BC9CEB8-8B4A-11D0-8D11-00A0C91BC942}") = "Contr_4_lab3", "..\..\lab3\Contr_4_lab3\Contr_4_lab3.vcxproj", "{92FF180C-10AD-4B01-87EE-15929E702966}"
EndProject
Project("{8BC9CEB8-8B4A-11D0-8D11-00A0C91BC942}") = "Contr5_lab3", "..\..\lab3\Contr5_lab3\Contr5_lab3.vcxproj", "{DCEA1100-1F03-4111-96EE-06CA7C6885E1}"
EndProject
Project("{8BC9CEB8-8B4A-11D0-8D11-00A0C91BC942}") = "Ex1_1_lab4", "..\..\lab4\Ex1_1_lab4\Ex1_1_lab4.vcxproj", "{B89C619D-79DA-4B22-AA3E-A66B931D215F}"
EndProject
Project("{8BC9CEB8-8B4A-11D0-8D11-00A0C91BC942}") = "Ex2_1_lab4", "..\..\lab4\Ex2_1_lab4\Ex2_1_lab4.vcxproj", "{E8804AE3-749B-4E4A-9718-7724F5A58484}"
EndProject
Project("{8BC9CEB8-8B4A-11D0-8D11-00A0C91BC942}") = "Contr_1_lab4", "..\..\lab4\Contr_1_lab4\Contr_1_lab4.vcxproj", "{05EAFCC4-DCDA-4AC0-8314-12083C246332}"
EndProject
Project("{8BC9CEB8-8B4A-11D0-8D11-00A0C91BC942}") = "Contr_2_lab4", "..\..\lab4\Contr_2_lab4\Contr_2_lab4.vcxproj", "{DB0994E0-7A22-4DAA-A761-2C30B2D02607}"
EndProject
Project("{2150E333-8FDC-42A3-9474-1A3956D46DE8}") = "Lab5", "Lab5", "{1F9C7B8A-E53D-482A-8512-2A1307B94906}"
EndProject
Project("{8BC9CEB8-8B4A-11D0-8D11-00A0C91BC942}") = "Ex1_1_lab5", "..\..\lab5\Ex1_1_lab5\Ex1_1_lab5.vcxproj", "{3E43AC82-BC8F-47FF-9BE6-308B11B9B16F}"
EndProject
Project("{8BC9CEB8-8B4A-11D0-8D11-00A0C91BC942}") = "Ex2_1_lab5", "..\..\lab5\Ex2_1_lab5\Ex2_1_lab5.vcxproj", "{73F48736-9442-41D9-900F-29816EB3EB98}"
EndProject
Project("{8BC9CEB8-8B4A-11D0-8D11-00A0C91BC942}") = "Ex3_1_lab5", "..\..\lab5\Ex3_1_lab5\Ex3_1_lab5.vcxproj", "{240E73E2-2A7C-4B5E-9E08-7B790EF04FCE}"
EndProject
Project("{8BC9CEB8-8B4A-11D0-8D11-00A0C91BC942}") = "Ex_5_1_lab5", "..\..\lab5\Ex_5_1_lab5\Ex_5_1_lab5.vcxproj", "{3C99D7AA-ABC3-4578-87FB-00330C5ECF6E}"
EndProject
Project("{8BC9CEB8-8B4A-11D0-8D11-00A0C91BC942}") = "Ex_5_2_lab5", "..\..\lab5\Ex_5_2_lab5\Ex_5_2_lab5.vcxproj", "{8C2A1135-7398-46BC-A3B4-CB51BD16DC4F}"
EndProject
Project("{8BC9CEB8-8B4A-11D0-8D11-00A0C91BC942}") = "Contr_2_lab5", "..\..\lab5\Contr_2_lab5\Contr_2_lab5.vcxproj", "{62BA8387-90C6-4F81-84B5-C58354EC1E98}"
EndProject
Project("{8BC9CEB8-8B4A-11D0-8D11-00A0C91BC942}") = "Contr_3_lab5", "..\..\lab5\Contr_3_lab5\Contr_3_lab5.vcxproj", "{38AAA8F4-79F4-4EBF-BAA1-0597A731F2C7}"
EndProject
Project("{8BC9CEB8-8B4A-11D0-8D11-00A0C91BC942}") = "Contr_4_lab5", "..\..\lab5\Contr_4_lab5\Contr_4_lab5.vcxproj", "{A098FFAB-C41C-42C9-8DF0-317507C17B26}"
EndProject
Project("{2150E333-8FDC-42A3-9474-1A3956D46DE8}") = "Lab6", "Lab6", "{F9A2F5F9-9824-4184-A008-D1A6286314F2}"
EndProject
Project("{8BC9CEB8-8B4A-11D0-8D11-00A0C91BC942}") = "Ex_1_1_lab6", "..\..\lab6\Ex_1_1_lab6\Ex_1_1_lab6.vcxproj", "{D8ED056C-A5D9-4C67-9768-370A04516157}"
EndProject
Project("{8BC9CEB8-8B4A-11D0-8D11-00A0C91BC942}") = "Contr_1_Lab6", "..\..\lab6\Contr_1_Lab6\Contr_1_Lab6.vcxproj", "{9EC4EE0D-8EBC-4C01-9764-1E998D9BC2C0}"
EndProject
Project("{8BC9CEB8-8B4A-11D0-8D11-00A0C91BC942}") = "Contr_2_lab6", "..\..\lab6\Contr_2_lab6\Contr_2_lab6.vcxproj", "{268ABD2C-5BEC-490B-8B9B-79ADF6DB3D1D}"
EndProject
Project("{2150E333-8FDC-42A3-9474-1A3956D46DE8}") = "Lab7", "Lab7", "{94965CDD-4828-40F5-AFF2-4C6664FFDE12}"
EndProject
Project("{8BC9CEB8-8B4A-11D0-8D11-00A0C91BC942}") = "Ex1_1_lab7", "..\..\lab7\Ex1_1_lab7\Ex1_1_lab7.vcxproj", "{46FBEA12-A200-4DB2-9396-57B444023FA8}"
EndProject
Project("{8BC9CEB8-8B4A-11D0-8D11-00A0C91BC942}") = "Ex2_1_lab7", "..\..\lab7\Ex2_1_lab7\Ex2_1_lab7.vcxproj", "{F06CB091-04B0-4FCD-B4FB-C930D6941F24}"
EndProject
Project("{8BC9CEB8-8B4A-11D0-8D11-00A0C91BC942}") = "Ex_3_1_lab7", "..\..\lab7\Ex_3_1_lab7\Ex_3_1_lab7.vcxproj", "{EBBA1659-E308-4F3A-93AC-06B92A62BB86}"
EndProject
Project("{8BC9CEB8-8B4A-11D0-8D11-00A0C91BC942}") = "Ex_4_1_lab7", "..\..\lab7\Ex_4_1_lab7\Ex_4_1_lab7.vcxproj", "{65F49DD8-DFD1-4FA2-81A2-FBE400A989AC}"
EndProject
Project("{8BC9CEB8-8B4A-11D0-8D11-00A0C91BC942}") = "Ex_5_1_lab7", "..\..\lab7\Ex_5_1_lab7\Ex_5_1_lab7.vcxproj", "{A0C29D0A-47CE-49BB-ACC3-78D55AAA7EB4}"
EndProject
Project("{8BC9CEB8-8B4A-11D0-8D11-00A0C91BC942}") = "Contr_1_lab7", "..\..\lab7\Contr_1_lab7\Contr_1_lab7.vcxproj", "{73A67B6F-2EA7-43CF-B6C2-6D3C51B66F39}"
EndProject
Project("{8BC9CEB8-8B4A-11D0-8D11-00A0C91BC942}") = "Сontr_2_lab7", "..\..\lab7\Сontr_2_lab7\Сontr_2_lab7.vcxproj", "{7416DC91-ED21-4EEF-8C40-0562256DCA01}"
EndProject
Project("{8BC9CEB8-8B4A-11D0-8D11-00A0C91BC942}") = "Contr_3_lab7", "..\..\lab7\Contr_3_lab7\Contr_3_lab7.vcxproj", "{AF49851A-E25F-4470-8F05-B687B5901065}"
EndProject
Project("{2150E333-8FDC-42A3-9474-1A3956D46DE8}") = "Lab8", "Lab8", "{524FBADA-A025-4A55-BC5C-08ABE2639D95}"
EndProject
Project("{8BC9CEB8-8B4A-11D0-8D11-00A0C91BC942}") = "Ex_1_1_lab8", "..\..\lab8\Ex_1_1_lab8\Ex_1_1_lab8.vcxproj", "{F6F9DF87-6946-4CF8-A488-0E562D733B20}"
EndProject
Project("{8BC9CEB8-8B4A-11D0-8D11-00A0C91BC942}") = "Ex_2_1_lab8", "..\..\lab8\Ex_2_1_lab8\Ex_2_1_lab8.vcxproj", "{A3F2BB7A-D4AF-42E6-BB2F-5EE95A9AD012}"
EndProject
Project("{8BC9CEB8-8B4A-11D0-8D11-00A0C91BC942}") = "Ex_3_1_lab8", "..\..\lab8\Ex_3_1_lab8\Ex_3_1_lab8.vcxproj", "{84675AE2-299F-47C3-A8A5-2F3097C3C346}"
EndProject
Project("{8BC9CEB8-8B4A-11D0-8D11-00A0C91BC942}") = "Ex_4_1_lab8", "..\..\lab8\Ex_4_1_lab8\Ex_4_1_lab8.vcxproj", "{6FA55CC5-2894-4452-B8B6-BFA6CC73E4DF}"
EndProject
Project("{8BC9CEB8-8B4A-11D0-8D11-00A0C91BC942}") = "Ex_5_1_lab8", "..\..\lab8\Ex_5_1_lab8\Ex_5_1_lab8.vcxproj", "{38504D97-0180-45BF-B51B-BD315A3AA9CD}"
EndProject
Project("{8BC9CEB8-8B4A-11D0-8D11-00A0C91BC942}") = "Contr_1_lab8", "..\..\lab8\Contr_1_lab8\Contr_1_lab8.vcxproj", "{FCB2FA59-34DD-4CED-AD51-5220B8424E78}"
EndProject
Project("{2150E333-8FDC-42A3-9474-1A3956D46DE8}") = "Lab9", "Lab9", "{F14A6ABB-BD54-4837-A337-DC5FD9398F94}"
EndProject
Project("{8BC9CEB8-8B4A-11D0-8D11-00A0C91BC942}") = "Ex_1_1_lab9", "..\..\lab9\Ex_1_1_lab9\Ex_1_1_lab9.vcxproj", "{4D6BB6C5-B3F6-4F83-AE42-4C7084FB4979}"
EndProject
Project("{8BC9CEB8-8B4A-11D0-8D11-00A0C91BC942}") = "Ex_2_1_lab9", "..\..\lab9\Ex_2_1_lab9\Ex_2_1_lab9.vcxproj", "{3C7CCC29-FD22-4A78-885A-CD248A975CA9}"
EndProject
Project("{8BC9CEB8-8B4A-11D0-8D11-00A0C91BC942}") = "Ex_3_1_lab9", "..\..\lab9\Ex_3_1_lab9\Ex_3_1_lab9.vcxproj", "{BCD79FB1-F47B-49DC-A5EA-1CF411C8AC65}"
EndProject
Project("{8BC9CEB8-8B4A-11D0-8D11-00A0C91BC942}") = "Contr_1_lab9", "..\..\lab9\Contr_1_lab9\Contr_1_lab9.vcxproj", "{3F216EA9-8995-41E9-856A-583ACC7979B5}"
EndProject
Project("{8BC9CEB8-8B4A-11D0-8D11-00A0C91BC942}") = "Contr_2_lab9", "..\..\lab9\Contr_2_lab9\Contr_2_lab9.vcxproj", "{92C9808B-E99C-48E3-997F-F4B9D2FB2208}"
EndProject
Project("{2150E333-8FDC-42A3-9474-1A3956D46DE8}") = "Lab10", "Lab10", "{8B4B5C83-3069-4496-8835-FE7AFC64A110}"
EndProject
Project("{8BC9CEB8-8B4A-11D0-8D11-00A0C91BC942}") = "Ex_1_1_lab10", "..\..\lab10\Ex_1_1_lab10\Ex_1_1_lab10.vcxproj", "{D2B46582-9150-4829-9B08-C9CAF985A308}"
EndProject
Project("{8BC9CEB8-8B4A-11D0-8D11-00A0C91BC942}") = "Ex_2_1_lab10", "..\..\lab10\Ex_2_1_lab10\Ex_2_1_lab10.vcxproj", "{1929B1C2-8894-44D4-B932-AE05953C07AB}"
EndProject
Project("{8BC9CEB8-8B4A-11D0-8D11-00A0C91BC942}") = "Contr_1_lab10", "..\..\lab10\Contr_1_lab10\Contr_1_lab10.vcxproj", "{4331ABEF-2A64-4FD8-950D-DABB61EF07D7}"
EndProject
Project("{8BC9CEB8-8B4A-11D0-8D11-00A0C91BC942}") = "Contr_1_2_lab10", "..\..\lab10\Contr_1_2_lab10\Contr_1_2_lab10.vcxproj", "{18514386-5C87-4AA2-BF55-4D927C803273}"
EndProject
Project("{2150E333-8FDC-42A3-9474-1A3956D46DE8}") = "lab11", "lab11", "{43AF7326-A25A-4327-A09D-3B4D70C69D38}"
EndProject
Project("{8BC9CEB8-8B4A-11D0-8D11-00A0C91BC942}") = "Ex_1_1_lab11", "..\..\lab11\Ex_1_1_lab11\Ex_1_1_lab11.vcxproj", "{AFC315FB-D9D8-49C2-B9AB-213F272BD555}"
EndProject
Project("{8BC9CEB8-8B4A-11D0-8D11-00A0C91BC942}") = "Ex_2_1_lab11", "..\..\lab11\Ex_2_1_lab11\Ex_2_1_lab11.vcxproj", "{F9DD3C65-8171-4159-B9E5-E7DB2C46290E}"
EndProject
Project("{8BC9CEB8-8B4A-11D0-8D11-00A0C91BC942}") = "Ex_3_1_lab11", "..\..\lab11\Ex_3_1_lab11\Ex_3_1_lab11.vcxproj", "{D53D6CA9-9C66-41E1-8811-8A790375D87B}"
EndProject
Project("{8BC9CEB8-8B4A-11D0-8D11-00A0C91BC942}") = "Ex_4_1_lab11", "..\..\lab11\Ex_4_1_lab11\Ex_4_1_lab11.vcxproj", "{3AD9B869-29AC-4C4F-834C-7DE3828532D8}"
EndProject
Project("{8BC9CEB8-8B4A-11D0-8D11-00A0C91BC942}") = "Contr_1_lab11", "..\..\lab11\Contr_1_lab11\Contr_1_lab11.vcxproj", "{E8B17134-1D4B-49C7-88BC-6DE714AE15DA}"
EndProject
Project("{8BC9CEB8-8B4A-11D0-8D11-00A0C91BC942}") = "Contr_2_1_lab11", "..\..\lab11\Contr_2_1_lab11\Contr_2_1_lab11.vcxproj", "{78943231-B00F-4CF3-B0E5-7681AAEC8442}"
EndProject
Global
	GlobalSection(SolutionConfigurationPlatforms) = preSolution
		Debug|x64 = Debug|x64
		Debug|x86 = Debug|x86
		Release|x64 = Release|x64
		Release|x86 = Release|x86
	EndGlobalSection
	GlobalSection(ProjectConfigurationPlatforms) = postSolution
		{0428A147-6C09-450F-A2B1-C1BB10D63C22}.Debug|x64.ActiveCfg = Debug|x64
		{0428A147-6C09-450F-A2B1-C1BB10D63C22}.Debug|x64.Build.0 = Debug|x64
		{0428A147-6C09-450F-A2B1-C1BB10D63C22}.Debug|x86.ActiveCfg = Debug|Win32
		{0428A147-6C09-450F-A2B1-C1BB10D63C22}.Debug|x86.Build.0 = Debug|Win32
		{0428A147-6C09-450F-A2B1-C1BB10D63C22}.Release|x64.ActiveCfg = Release|x64
		{0428A147-6C09-450F-A2B1-C1BB10D63C22}.Release|x64.Build.0 = Release|x64
		{0428A147-6C09-450F-A2B1-C1BB10D63C22}.Release|x86.ActiveCfg = Release|Win32
		{0428A147-6C09-450F-A2B1-C1BB10D63C22}.Release|x86.Build.0 = Release|Win32
		{B11063BE-A5A7-43BF-B6E0-3FD11B3BDC43}.Debug|x64.ActiveCfg = Debug|x64
		{B11063BE-A5A7-43BF-B6E0-3FD11B3BDC43}.Debug|x64.Build.0 = Debug|x64
		{B11063BE-A5A7-43BF-B6E0-3FD11B3BDC43}.Debug|x86.ActiveCfg = Debug|Win32
		{B11063BE-A5A7-43BF-B6E0-3FD11B3BDC43}.Debug|x86.Build.0 = Debug|Win32
		{B11063BE-A5A7-43BF-B6E0-3FD11B3BDC43}.Release|x64.ActiveCfg = Release|x64
		{B11063BE-A5A7-43BF-B6E0-3FD11B3BDC43}.Release|x64.Build.0 = Release|x64
		{B11063BE-A5A7-43BF-B6E0-3FD11B3BDC43}.Release|x86.ActiveCfg = Release|Win32
		{B11063BE-A5A7-43BF-B6E0-3FD11B3BDC43}.Release|x86.Build.0 = Release|Win32
		{3710F33A-EEEA-403C-9E1F-42D7A8036A4C}.Debug|x64.ActiveCfg = Debug|x64
		{3710F33A-EEEA-403C-9E1F-42D7A8036A4C}.Debug|x64.Build.0 = Debug|x64
		{3710F33A-EEEA-403C-9E1F-42D7A8036A4C}.Debug|x86.ActiveCfg = Debug|Win32
		{3710F33A-EEEA-403C-9E1F-42D7A8036A4C}.Debug|x86.Build.0 = Debug|Win32
		{3710F33A-EEEA-403C-9E1F-42D7A8036A4C}.Release|x64.ActiveCfg = Release|x64
		{3710F33A-EEEA-403C-9E1F-42D7A8036A4C}.Release|x64.Build.0 = Release|x64
		{3710F33A-EEEA-403C-9E1F-42D7A8036A4C}.Release|x86.ActiveCfg = Release|Win32
		{3710F33A-EEEA-403C-9E1F-42D7A8036A4C}.Release|x86.Build.0 = Release|Win32
		{02C3AECD-4ECC-4C25-8C31-FE8C76BFE190}.Debug|x64.ActiveCfg = Debug|x64
		{02C3AECD-4ECC-4C25-8C31-FE8C76BFE190}.Debug|x64.Build.0 = Debug|x64
		{02C3AECD-4ECC-4C25-8C31-FE8C76BFE190}.Debug|x86.ActiveCfg = Debug|Win32
		{02C3AECD-4ECC-4C25-8C31-FE8C76BFE190}.Debug|x86.Build.0 = Debug|Win32
		{02C3AECD-4ECC-4C25-8C31-FE8C76BFE190}.Release|x64.ActiveCfg = Release|x64
		{02C3AECD-4ECC-4C25-8C31-FE8C76BFE190}.Release|x64.Build.0 = Release|x64
		{02C3AECD-4ECC-4C25-8C31-FE8C76BFE190}.Release|x86.ActiveCfg = Release|Win32
		{02C3AECD-4ECC-4C25-8C31-FE8C76BFE190}.Release|x86.Build.0 = Release|Win32
		{4EF90A82-493F-4C2D-9AB7-7E53730FD1A0}.Debug|x64.ActiveCfg = Debug|x64
		{4EF90A82-493F-4C2D-9AB7-7E53730FD1A0}.Debug|x64.Build.0 = Debug|x64
		{4EF90A82-493F-4C2D-9AB7-7E53730FD1A0}.Debug|x86.ActiveCfg = Debug|Win32
		{4EF90A82-493F-4C2D-9AB7-7E53730FD1A0}.Debug|x86.Build.0 = Debug|Win32
		{4EF90A82-493F-4C2D-9AB7-7E53730FD1A0}.Release|x64.ActiveCfg = Release|x64
		{4EF90A82-493F-4C2D-9AB7-7E53730FD1A0}.Release|x64.Build.0 = Release|x64
		{4EF90A82-493F-4C2D-9AB7-7E53730FD1A0}.Release|x86.ActiveCfg = Release|Win32
		{4EF90A82-493F-4C2D-9AB7-7E53730FD1A0}.Release|x86.Build.0 = Release|Win32
		{D25B5744-EDEB-4524-BBB4-BCA35832074D}.Debug|x64.ActiveCfg = Debug|x64
		{D25B5744-EDEB-4524-BBB4-BCA35832074D}.Debug|x64.Build.0 = Debug|x64
		{D25B5744-EDEB-4524-BBB4-BCA35832074D}.Debug|x86.ActiveCfg = Debug|Win32
		{D25B5744-EDEB-4524-BBB4-BCA35832074D}.Debug|x86.Build.0 = Debug|Win32
		{D25B5744-EDEB-4524-BBB4-BCA35832074D}.Release|x64.ActiveCfg = Release|x64
		{D25B5744-EDEB-4524-BBB4-BCA35832074D}.Release|x64.Build.0 = Release|x64
		{D25B5744-EDEB-4524-BBB4-BCA35832074D}.Release|x86.ActiveCfg = Release|Win32
		{D25B5744-EDEB-4524-BBB4-BCA35832074D}.Release|x86.Build.0 = Release|Win32
		{CBE15309-B9FD-4826-B2EF-AC666BA03EE5}.Debug|x64.ActiveCfg = Debug|x64
		{CBE15309-B9FD-4826-B2EF-AC666BA03EE5}.Debug|x64.Build.0 = Debug|x64
		{CBE15309-B9FD-4826-B2EF-AC666BA03EE5}.Debug|x86.ActiveCfg = Debug|Win32
		{CBE15309-B9FD-4826-B2EF-AC666BA03EE5}.Debug|x86.Build.0 = Debug|Win32
		{CBE15309-B9FD-4826-B2EF-AC666BA03EE5}.Release|x64.ActiveCfg = Release|x64
		{CBE15309-B9FD-4826-B2EF-AC666BA03EE5}.Release|x64.Build.0 = Release|x64
		{CBE15309-B9FD-4826-B2EF-AC666BA03EE5}.Release|x86.ActiveCfg = Release|Win32
		{CBE15309-B9FD-4826-B2EF-AC666BA03EE5}.Release|x86.Build.0 = Release|Win32
		{CB09B101-2C8F-4365-8B1A-7B9A6FD40B6E}.Debug|x64.ActiveCfg = Debug|x64
		{CB09B101-2C8F-4365-8B1A-7B9A6FD40B6E}.Debug|x64.Build.0 = Debug|x64
		{CB09B101-2C8F-4365-8B1A-7B9A6FD40B6E}.Debug|x86.ActiveCfg = Debug|Win32
		{CB09B101-2C8F-4365-8B1A-7B9A6FD40B6E}.Debug|x86.Build.0 = Debug|Win32
		{CB09B101-2C8F-4365-8B1A-7B9A6FD40B6E}.Release|x64.ActiveCfg = Release|x64
		{CB09B101-2C8F-4365-8B1A-7B9A6FD40B6E}.Release|x64.Build.0 = Release|x64
		{CB09B101-2C8F-4365-8B1A-7B9A6FD40B6E}.Release|x86.ActiveCfg = Release|Win32
		{CB09B101-2C8F-4365-8B1A-7B9A6FD40B6E}.Release|x86.Build.0 = Release|Win32
		{EB96C0A8-4FAC-4487-BC0A-C7A678E3604E}.Debug|x64.ActiveCfg = Debug|x64
		{EB96C0A8-4FAC-4487-BC0A-C7A678E3604E}.Debug|x64.Build.0 = Debug|x64
		{EB96C0A8-4FAC-4487-BC0A-C7A678E3604E}.Debug|x86.ActiveCfg = Debug|Win32
		{EB96C0A8-4FAC-4487-BC0A-C7A678E3604E}.Debug|x86.Build.0 = Debug|Win32
		{EB96C0A8-4FAC-4487-BC0A-C7A678E3604E}.Release|x64.ActiveCfg = Release|x64
		{EB96C0A8-4FAC-4487-BC0A-C7A678E3604E}.Release|x64.Build.0 = Release|x64
		{EB96C0A8-4FAC-4487-BC0A-C7A678E3604E}.Release|x86.ActiveCfg = Release|Win32
		{EB96C0A8-4FAC-4487-BC0A-C7A678E3604E}.Release|x86.Build.0 = Release|Win32
		{8F18A5BD-BABA-4B60-B478-1FCD2EB856A0}.Debug|x64.ActiveCfg = Debug|x64
		{8F18A5BD-BABA-4B60-B478-1FCD2EB856A0}.Debug|x64.Build.0 = Debug|x64
		{8F18A5BD-BABA-4B60-B478-1FCD2EB856A0}.Debug|x86.ActiveCfg = Debug|Win32
		{8F18A5BD-BABA-4B60-B478-1FCD2EB856A0}.Debug|x86.Build.0 = Debug|Win32
		{8F18A5BD-BABA-4B60-B478-1FCD2EB856A0}.Release|x64.ActiveCfg = Release|x64
		{8F18A5BD-BABA-4B60-B478-1FCD2EB856A0}.Release|x64.Build.0 = Release|x64
		{8F18A5BD-BABA-4B60-B478-1FCD2EB856A0}.Release|x86.ActiveCfg = Release|Win32
		{8F18A5BD-BABA-4B60-B478-1FCD2EB856A0}.Release|x86.Build.0 = Release|Win32
		{DB40D2FF-47AE-4E14-B6FE-EA15D1623EF1}.Debug|x64.ActiveCfg = Debug|x64
		{DB40D2FF-47AE-4E14-B6FE-EA15D1623EF1}.Debug|x64.Build.0 = Debug|x64
		{DB40D2FF-47AE-4E14-B6FE-EA15D1623EF1}.Debug|x86.ActiveCfg = Debug|Win32
		{DB40D2FF-47AE-4E14-B6FE-EA15D1623EF1}.Debug|x86.Build.0 = Debug|Win32
		{DB40D2FF-47AE-4E14-B6FE-EA15D1623EF1}.Release|x64.ActiveCfg = Release|x64
		{DB40D2FF-47AE-4E14-B6FE-EA15D1623EF1}.Release|x64.Build.0 = Release|x64
		{DB40D2FF-47AE-4E14-B6FE-EA15D1623EF1}.Release|x86.ActiveCfg = Release|Win32
		{DB40D2FF-47AE-4E14-B6FE-EA15D1623EF1}.Release|x86.Build.0 = Release|Win32
		{DD1F5749-19D1-4949-8756-9C1D59C828F1}.Debug|x64.ActiveCfg = Debug|x64
		{DD1F5749-19D1-4949-8756-9C1D59C828F1}.Debug|x64.Build.0 = Debug|x64
		{DD1F5749-19D1-4949-8756-9C1D59C828F1}.Debug|x86.ActiveCfg = Debug|Win32
		{DD1F5749-19D1-4949-8756-9C1D59C828F1}.Debug|x86.Build.0 = Debug|Win32
		{DD1F5749-19D1-4949-8756-9C1D59C828F1}.Release|x64.ActiveCfg = Release|x64
		{DD1F5749-19D1-4949-8756-9C1D59C828F1}.Release|x64.Build.0 = Release|x64
		{DD1F5749-19D1-4949-8756-9C1D59C828F1}.Release|x86.ActiveCfg = Release|Win32
		{DD1F5749-19D1-4949-8756-9C1D59C828F1}.Release|x86.Build.0 = Release|Win32
		{75DE347A-6FC6-46D7-8F33-14E6EE799FF1}.Debug|x64.ActiveCfg = Debug|x64
		{75DE347A-6FC6-46D7-8F33-14E6EE799FF1}.Debug|x64.Build.0 = Debug|x64
		{75DE347A-6FC6-46D7-8F33-14E6EE799FF1}.Debug|x86.ActiveCfg = Debug|Win32
		{75DE347A-6FC6-46D7-8F33-14E6EE799FF1}.Debug|x86.Build.0 = Debug|Win32
		{75DE347A-6FC6-46D7-8F33-14E6EE799FF1}.Release|x64.ActiveCfg = Release|x64
		{75DE347A-6FC6-46D7-8F33-14E6EE799FF1}.Release|x64.Build.0 = Release|x64
		{75DE347A-6FC6-46D7-8F33-14E6EE799FF1}.Release|x86.ActiveCfg = Release|Win32
		{75DE347A-6FC6-46D7-8F33-14E6EE799FF1}.Release|x86.Build.0 = Release|Win32
		{577FD260-8BD0-4593-98F0-16C3294A6C4D}.Debug|x64.ActiveCfg = Debug|x64
		{577FD260-8BD0-4593-98F0-16C3294A6C4D}.Debug|x64.Build.0 = Debug|x64
		{577FD260-8BD0-4593-98F0-16C3294A6C4D}.Debug|x86.ActiveCfg = Debug|Win32
		{577FD260-8BD0-4593-98F0-16C3294A6C4D}.Debug|x86.Build.0 = Debug|Win32
		{577FD260-8BD0-4593-98F0-16C3294A6C4D}.Release|x64.ActiveCfg = Release|x64
		{577FD260-8BD0-4593-98F0-16C3294A6C4D}.Release|x64.Build.0 = Release|x64
		{577FD260-8BD0-4593-98F0-16C3294A6C4D}.Release|x86.ActiveCfg = Release|Win32
		{577FD260-8BD0-4593-98F0-16C3294A6C4D}.Release|x86.Build.0 = Release|Win32
		{A4F4CAE9-F847-4A69-AE87-97B7430E3006}.Debug|x64.ActiveCfg = Debug|x64
		{A4F4CAE9-F847-4A69-AE87-97B7430E3006}.Debug|x64.Build.0 = Debug|x64
		{A4F4CAE9-F847-4A69-AE87-97B7430E3006}.Debug|x86.ActiveCfg = Debug|Win32
		{A4F4CAE9-F847-4A69-AE87-97B7430E3006}.Debug|x86.Build.0 = Debug|Win32
		{A4F4CAE9-F847-4A69-AE87-97B7430E3006}.Release|x64.ActiveCfg = Release|x64
		{A4F4CAE9-F847-4A69-AE87-97B7430E3006}.Release|x64.Build.0 = Release|x64
		{A4F4CAE9-F847-4A69-AE87-97B7430E3006}.Release|x86.ActiveCfg = Release|Win32
		{A4F4CAE9-F847-4A69-AE87-97B7430E3006}.Release|x86.Build.0 = Release|Win32
		{5958887A-0791-4BF9-92FB-3D342C9981BF}.Debug|x64.ActiveCfg = Debug|x64
		{5958887A-0791-4BF9-92FB-3D342C9981BF}.Debug|x64.Build.0 = Debug|x64
		{5958887A-0791-4BF9-92FB-3D342C9981BF}.Debug|x86.ActiveCfg = Debug|Win32
		{5958887A-0791-4BF9-92FB-3D342C9981BF}.Debug|x86.Build.0 = Debug|Win32
		{5958887A-0791-4BF9-92FB-3D342C9981BF}.Release|x64.ActiveCfg = Release|x64
		{5958887A-0791-4BF9-92FB-3D342C9981BF}.Release|x64.Build.0 = Release|x64
		{5958887A-0791-4BF9-92FB-3D342C9981BF}.Release|x86.ActiveCfg = Release|Win32
		{5958887A-0791-4BF9-92FB-3D342C9981BF}.Release|x86.Build.0 = Release|Win32
		{C7C30278-CCFB-486E-8958-7A7C0AF38BB0}.Debug|x64.ActiveCfg = Debug|x64
		{C7C30278-CCFB-486E-8958-7A7C0AF38BB0}.Debug|x64.Build.0 = Debug|x64
		{C7C30278-CCFB-486E-8958-7A7C0AF38BB0}.Debug|x86.ActiveCfg = Debug|Win32
		{C7C30278-CCFB-486E-8958-7A7C0AF38BB0}.Debug|x86.Build.0 = Debug|Win32
		{C7C30278-CCFB-486E-8958-7A7C0AF38BB0}.Release|x64.ActiveCfg = Release|x64
		{C7C30278-CCFB-486E-8958-7A7C0AF38BB0}.Release|x64.Build.0 = Release|x64
		{C7C30278-CCFB-486E-8958-7A7C0AF38BB0}.Release|x86.ActiveCfg = Release|Win32
		{C7C30278-CCFB-486E-8958-7A7C0AF38BB0}.Release|x86.Build.0 = Release|Win32
		{F7CA6967-BB18-4F77-89D9-78E09815B0BD}.Debug|x64.ActiveCfg = Debug|x64
		{F7CA6967-BB18-4F77-89D9-78E09815B0BD}.Debug|x64.Build.0 = Debug|x64
		{F7CA6967-BB18-4F77-89D9-78E09815B0BD}.Debug|x86.ActiveCfg = Debug|Win32
		{F7CA6967-BB18-4F77-89D9-78E09815B0BD}.Debug|x86.Build.0 = Debug|Win32
		{F7CA6967-BB18-4F77-89D9-78E09815B0BD}.Release|x64.ActiveCfg = Release|x64
		{F7CA6967-BB18-4F77-89D9-78E09815B0BD}.Release|x64.Build.0 = Release|x64
		{F7CA6967-BB18-4F77-89D9-78E09815B0BD}.Release|x86.ActiveCfg = Release|Win32
		{F7CA6967-BB18-4F77-89D9-78E09815B0BD}.Release|x86.Build.0 = Release|Win32
		{2D3EBE1D-ECB3-4E08-976F-46E81F3F94E0}.Debug|x64.ActiveCfg = Debug|x64
		{2D3EBE1D-ECB3-4E08-976F-46E81F3F94E0}.Debug|x64.Build.0 = Debug|x64
		{2D3EBE1D-ECB3-4E08-976F-46E81F3F94E0}.Debug|x86.ActiveCfg = Debug|Win32
		{2D3EBE1D-ECB3-4E08-976F-46E81F3F94E0}.Debug|x86.Build.0 = Debug|Win32
		{2D3EBE1D-ECB3-4E08-976F-46E81F3F94E0}.Release|x64.ActiveCfg = Release|x64
		{2D3EBE1D-ECB3-4E08-976F-46E81F3F94E0}.Release|x64.Build.0 = Release|x64
		{2D3EBE1D-ECB3-4E08-976F-46E81F3F94E0}.Release|x86.ActiveCfg = Release|Win32
		{2D3EBE1D-ECB3-4E08-976F-46E81F3F94E0}.Release|x86.Build.0 = Release|Win32
		{9638EFD6-90B0-4711-9C53-FD12F6BDDF85}.Debug|x64.ActiveCfg = Debug|x64
		{9638EFD6-90B0-4711-9C53-FD12F6BDDF85}.Debug|x64.Build.0 = Debug|x64
		{9638EFD6-90B0-4711-9C53-FD12F6BDDF85}.Debug|x86.ActiveCfg = Debug|Win32
		{9638EFD6-90B0-4711-9C53-FD12F6BDDF85}.Debug|x86.Build.0 = Debug|Win32
		{9638EFD6-90B0-4711-9C53-FD12F6BDDF85}.Release|x64.ActiveCfg = Release|x64
		{9638EFD6-90B0-4711-9C53-FD12F6BDDF85}.Release|x64.Build.0 = Release|x64
		{9638EFD6-90B0-4711-9C53-FD12F6BDDF85}.Release|x86.ActiveCfg = Release|Win32
		{9638EFD6-90B0-4711-9C53-FD12F6BDDF85}.Release|x86.Build.0 = Release|Win32
		{1D18CDD4-77CD-4A31-8489-B5987DE09AEB}.Debug|x64.ActiveCfg = Debug|x64
		{1D18CDD4-77CD-4A31-8489-B5987DE09AEB}.Debug|x64.Build.0 = Debug|x64
		{1D18CDD4-77CD-4A31-8489-B5987DE09AEB}.Debug|x86.ActiveCfg = Debug|Win32
		{1D18CDD4-77CD-4A31-8489-B5987DE09AEB}.Debug|x86.Build.0 = Debug|Win32
		{1D18CDD4-77CD-4A31-8489-B5987DE09AEB}.Release|x64.ActiveCfg = Release|x64
		{1D18CDD4-77CD-4A31-8489-B5987DE09AEB}.Release|x64.Build.0 = Release|x64
		{1D18CDD4-77CD-4A31-8489-B5987DE09AEB}.Release|x86.ActiveCfg = Release|Win32
		{1D18CDD4-77CD-4A31-8489-B5987DE09AEB}.Release|x86.Build.0 = Release|Win32
		{668220D4-F506-4AAB-8A43-2F4B9C87A270}.Debug|x64.ActiveCfg = Debug|x64
		{668220D4-F506-4AAB-8A43-2F4B9C87A270}.Debug|x64.Build.0 = Debug|x64
		{668220D4-F506-4AAB-8A43-2F4B9C87A270}.Debug|x86.ActiveCfg = Debug|Win32
		{668220D4-F506-4AAB-8A43-2F4B9C87A270}.Debug|x86.Build.0 = Debug|Win32
		{668220D4-F506-4AAB-8A43-2F4B9C87A270}.Release|x64.ActiveCfg = Release|x64
		{668220D4-F506-4AAB-8A43-2F4B9C87A270}.Release|x64.Build.0 = Release|x64
		{668220D4-F506-4AAB-8A43-2F4B9C87A270}.Release|x86.ActiveCfg = Release|Win32
		{668220D4-F506-4AAB-8A43-2F4B9C87A270}.Release|x86.Build.0 = Release|Win32
		{8B69817E-BC6F-42B4-84EC-5B12483311F9}.Debug|x64.ActiveCfg = Debug|x64
		{8B69817E-BC6F-42B4-84EC-5B12483311F9}.Debug|x64.Build.0 = Debug|x64
		{8B69817E-BC6F-42B4-84EC-5B12483311F9}.Debug|x86.ActiveCfg = Debug|Win32
		{8B69817E-BC6F-42B4-84EC-5B12483311F9}.Debug|x86.Build.0 = Debug|Win32
		{8B69817E-BC6F-42B4-84EC-5B12483311F9}.Release|x64.ActiveCfg = Release|x64
		{8B69817E-BC6F-42B4-84EC-5B12483311F9}.Release|x64.Build.0 = Release|x64
		{8B69817E-BC6F-42B4-84EC-5B12483311F9}.Release|x86.ActiveCfg = Release|Win32
		{8B69817E-BC6F-42B4-84EC-5B12483311F9}.Release|x86.Build.0 = Release|Win32
		{FC863275-D768-4EB3-9F98-EEE6C918A1B7}.Debug|x64.ActiveCfg = Debug|x64
		{FC863275-D768-4EB3-9F98-EEE6C918A1B7}.Debug|x64.Build.0 = Debug|x64
		{FC863275-D768-4EB3-9F98-EEE6C918A1B7}.Debug|x86.ActiveCfg = Debug|Win32
		{FC863275-D768-4EB3-9F98-EEE6C918A1B7}.Debug|x86.Build.0 = Debug|Win32
		{FC863275-D768-4EB3-9F98-EEE6C918A1B7}.Release|x64.ActiveCfg = Release|x64
		{FC863275-D768-4EB3-9F98-EEE6C918A1B7}.Release|x64.Build.0 = Release|x64
		{FC863275-D768-4EB3-9F98-EEE6C918A1B7}.Release|x86.ActiveCfg = Release|Win32
		{FC863275-D768-4EB3-9F98-EEE6C918A1B7}.Release|x86.Build.0 = Release|Win32
		{E6AD7D7E-F29C-473D-B91D-1A5BFC6CC6B6}.Debug|x64.ActiveCfg = Debug|x64
		{E6AD7D7E-F29C-473D-B91D-1A5BFC6CC6B6}.Debug|x64.Build.0 = Debug|x64
		{E6AD7D7E-F29C-473D-B91D-1A5BFC6CC6B6}.Debug|x86.ActiveCfg = Debug|Win32
		{E6AD7D7E-F29C-473D-B91D-1A5BFC6CC6B6}.Debug|x86.Build.0 = Debug|Win32
		{E6AD7D7E-F29C-473D-B91D-1A5BFC6CC6B6}.Release|x64.ActiveCfg = Release|x64
		{E6AD7D7E-F29C-473D-B91D-1A5BFC6CC6B6}.Release|x64.Build.0 = Release|x64
		{E6AD7D7E-F29C-473D-B91D-1A5BFC6CC6B6}.Release|x86.ActiveCfg = Release|Win32
		{E6AD7D7E-F29C-473D-B91D-1A5BFC6CC6B6}.Release|x86.Build.0 = Release|Win32
		{E9A06619-0A73-41D2-9E3C-B45DCA9A65FC}.Debug|x64.ActiveCfg = Debug|x64
		{E9A06619-0A73-41D2-9E3C-B45DCA9A65FC}.Debug|x64.Build.0 = Debug|x64
		{E9A06619-0A73-41D2-9E3C-B45DCA9A65FC}.Debug|x86.ActiveCfg = Debug|Win32
		{E9A06619-0A73-41D2-9E3C-B45DCA9A65FC}.Debug|x86.Build.0 = Debug|Win32
		{E9A06619-0A73-41D2-9E3C-B45DCA9A65FC}.Release|x64.ActiveCfg = Release|x64
		{E9A06619-0A73-41D2-9E3C-B45DCA9A65FC}.Release|x64.Build.0 = Release|x64
		{E9A06619-0A73-41D2-9E3C-B45DCA9A65FC}.Release|x86.ActiveCfg = Release|Win32
		{E9A06619-0A73-41D2-9E3C-B45DCA9A65FC}.Release|x86.Build.0 = Release|Win32
		{92FF180C-10AD-4B01-87EE-15929E702966}.Debug|x64.ActiveCfg = Debug|x64
		{92FF180C-10AD-4B01-87EE-15929E702966}.Debug|x64.Build.0 = Debug|x64
		{92FF180C-10AD-4B01-87EE-15929E702966}.Debug|x86.ActiveCfg = Debug|Win32
		{92FF180C-10AD-4B01-87EE-15929E702966}.Debug|x86.Build.0 = Debug|Win32
		{92FF180C-10AD-4B01-87EE-15929E702966}.Release|x64.ActiveCfg = Release|x64
		{92FF180C-10AD-4B01-87EE-15929E702966}.Release|x64.Build.0 = Release|x64
		{92FF180C-10AD-4B01-87EE-15929E702966}.Release|x86.ActiveCfg = Release|Win32
		{92FF180C-10AD-4B01-87EE-15929E702966}.Release|x86.Build.0 = Release|Win32
		{DCEA1100-1F03-4111-96EE-06CA7C6885E1}.Debug|x64.ActiveCfg = Debug|x64
		{DCEA1100-1F03-4111-96EE-06CA7C6885E1}.Debug|x64.Build.0 = Debug|x64
		{DCEA1100-1F03-4111-96EE-06CA7C6885E1}.Debug|x86.ActiveCfg = Debug|Win32
		{DCEA1100-1F03-4111-96EE-06CA7C6885E1}.Debug|x86.Build.0 = Debug|Win32
		{DCEA1100-1F03-4111-96EE-06CA7C6885E1}.Release|x64.ActiveCfg = Release|x64
		{DCEA1100-1F03-4111-96EE-06CA7C6885E1}.Release|x64.Build.0 = Release|x64
		{DCEA1100-1F03-4111-96EE-06CA7C6885E1}.Release|x86.ActiveCfg = Release|Win32
		{DCEA1100-1F03-4111-96EE-06CA7C6885E1}.Release|x86.Build.0 = Release|Win32
		{B89C619D-79DA-4B22-AA3E-A66B931D215F}.Debug|x64.ActiveCfg = Debug|x64
		{B89C619D-79DA-4B22-AA3E-A66B931D215F}.Debug|x64.Build.0 = Debug|x64
		{B89C619D-79DA-4B22-AA3E-A66B931D215F}.Debug|x86.ActiveCfg = Debug|Win32
		{B89C619D-79DA-4B22-AA3E-A66B931D215F}.Debug|x86.Build.0 = Debug|Win32
		{B89C619D-79DA-4B22-AA3E-A66B931D215F}.Release|x64.ActiveCfg = Release|x64
		{B89C619D-79DA-4B22-AA3E-A66B931D215F}.Release|x64.Build.0 = Release|x64
		{B89C619D-79DA-4B22-AA3E-A66B931D215F}.Release|x86.ActiveCfg = Release|Win32
		{B89C619D-79DA-4B22-AA3E-A66B931D215F}.Release|x86.Build.0 = Release|Win32
		{E8804AE3-749B-4E4A-9718-7724F5A58484}.Debug|x64.ActiveCfg = Debug|x64
		{E8804AE3-749B-4E4A-9718-7724F5A58484}.Debug|x64.Build.0 = Debug|x64
		{E8804AE3-749B-4E4A-9718-7724F5A58484}.Debug|x86.ActiveCfg = Debug|Win32
		{E8804AE3-749B-4E4A-9718-7724F5A58484}.Debug|x86.Build.0 = Debug|Win32
		{E8804AE3-749B-4E4A-9718-7724F5A58484}.Release|x64.ActiveCfg = Release|x64
		{E8804AE3-749B-4E4A-9718-7724F5A58484}.Release|x64.Build.0 = Release|x64
		{E8804AE3-749B-4E4A-9718-7724F5A58484}.Release|x86.ActiveCfg = Release|Win32
		{E8804AE3-749B-4E4A-9718-7724F5A58484}.Release|x86.Build.0 = Release|Win32
		{05EAFCC4-DCDA-4AC0-8314-12083C246332}.Debug|x64.ActiveCfg = Debug|x64
		{05EAFCC4-DCDA-4AC0-8314-12083C246332}.Debug|x64.Build.0 = Debug|x64
		{05EAFCC4-DCDA-4AC0-8314-12083C246332}.Debug|x86.ActiveCfg = Debug|Win32
		{05EAFCC4-DCDA-4AC0-8314-12083C246332}.Debug|x86.Build.0 = Debug|Win32
		{05EAFCC4-DCDA-4AC0-8314-12083C246332}.Release|x64.ActiveCfg = Release|x64
		{05EAFCC4-DCDA-4AC0-8314-12083C246332}.Release|x64.Build.0 = Release|x64
		{05EAFCC4-DCDA-4AC0-8314-12083C246332}.Release|x86.ActiveCfg = Release|Win32
		{05EAFCC4-DCDA-4AC0-8314-12083C246332}.Release|x86.Build.0 = Release|Win32
		{DB0994E0-7A22-4DAA-A761-2C30B2D02607}.Debug|x64.ActiveCfg = Debug|x64
		{DB0994E0-7A22-4DAA-A761-2C30B2D02607}.Debug|x64.Build.0 = Debug|x64
		{DB0994E0-7A22-4DAA-A761-2C30B2D02607}.Debug|x86.ActiveCfg = Debug|Win32
		{DB0994E0-7A22-4DAA-A761-2C30B2D02607}.Debug|x86.Build.0 = Debug|Win32
		{DB0994E0-7A22-4DAA-A761-2C30B2D02607}.Release|x64.ActiveCfg = Release|x64
		{DB0994E0-7A22-4DAA-A761-2C30B2D02607}.Release|x64.Build.0 = Release|x64
		{DB0994E0-7A22-4DAA-A761-2C30B2D02607}.Release|x86.ActiveCfg = Release|Win32
		{DB0994E0-7A22-4DAA-A761-2C30B2D02607}.Release|x86.Build.0 = Release|Win32
		{3E43AC82-BC8F-47FF-9BE6-308B11B9B16F}.Debug|x64.ActiveCfg = Debug|x64
		{3E43AC82-BC8F-47FF-9BE6-308B11B9B16F}.Debug|x64.Build.0 = Debug|x64
		{3E43AC82-BC8F-47FF-9BE6-308B11B9B16F}.Debug|x86.ActiveCfg = Debug|Win32
		{3E43AC82-BC8F-47FF-9BE6-308B11B9B16F}.Debug|x86.Build.0 = Debug|Win32
		{3E43AC82-BC8F-47FF-9BE6-308B11B9B16F}.Release|x64.ActiveCfg = Release|x64
		{3E43AC82-BC8F-47FF-9BE6-308B11B9B16F}.Release|x64.Build.0 = Release|x64
		{3E43AC82-BC8F-47FF-9BE6-308B11B9B16F}.Release|x86.ActiveCfg = Release|Win32
		{3E43AC82-BC8F-47FF-9BE6-308B11B9B16F}.Release|x86.Build.0 = Release|Win32
		{73F48736-9442-41D9-900F-29816EB3EB98}.Debug|x64.ActiveCfg = Debug|x64
		{73F48736-9442-41D9-900F-29816EB3EB98}.Debug|x64.Build.0 = Debug|x64
		{73F48736-9442-41D9-900F-29816EB3EB98}.Debug|x86.ActiveCfg = Debug|Win32
		{73F48736-9442-41D9-900F-29816EB3EB98}.Debug|x86.Build.0 = Debug|Win32
		{73F48736-9442-41D9-900F-29816EB3EB98}.Release|x64.ActiveCfg = Release|x64
		{73F48736-9442-41D9-900F-29816EB3EB98}.Release|x64.Build.0 = Release|x64
		{73F48736-9442-41D9-900F-29816EB3EB98}.Release|x86.ActiveCfg = Release|Win32
		{73F48736-9442-41D9-900F-29816EB3EB98}.Release|x86.Build.0 = Release|Win32
		{240E73E2-2A7C-4B5E-9E08-7B790EF04FCE}.Debug|x64.ActiveCfg = Debug|x64
		{240E73E2-2A7C-4B5E-9E08-7B790EF04FCE}.Debug|x64.Build.0 = Debug|x64
		{240E73E2-2A7C-4B5E-9E08-7B790EF04FCE}.Debug|x86.ActiveCfg = Debug|Win32
		{240E73E2-2A7C-4B5E-9E08-7B790EF04FCE}.Debug|x86.Build.0 = Debug|Win32
		{240E73E2-2A7C-4B5E-9E08-7B790EF04FCE}.Release|x64.ActiveCfg = Release|x64
		{240E73E2-2A7C-4B5E-9E08-7B790EF04FCE}.Release|x64.Build.0 = Release|x64
		{240E73E2-2A7C-4B5E-9E08-7B790EF04FCE}.Release|x86.ActiveCfg = Release|Win32
		{240E73E2-2A7C-4B5E-9E08-7B790EF04FCE}.Release|x86.Build.0 = Release|Win32
		{3C99D7AA-ABC3-4578-87FB-00330C5ECF6E}.Debug|x64.ActiveCfg = Debug|x64
		{3C99D7AA-ABC3-4578-87FB-00330C5ECF6E}.Debug|x64.Build.0 = Debug|x64
		{3C99D7AA-ABC3-4578-87FB-00330C5ECF6E}.Debug|x86.ActiveCfg = Debug|Win32
		{3C99D7AA-ABC3-4578-87FB-00330C5ECF6E}.Debug|x86.Build.0 = Debug|Win32
		{3C99D7AA-ABC3-4578-87FB-00330C5ECF6E}.Release|x64.ActiveCfg = Release|x64
		{3C99D7AA-ABC3-4578-87FB-00330C5ECF6E}.Release|x64.Build.0 = Release|x64
		{3C99D7AA-ABC3-4578-87FB-00330C5ECF6E}.Release|x86.ActiveCfg = Release|Win32
		{3C99D7AA-ABC3-4578-87FB-00330C5ECF6E}.Release|x86.Build.0 = Release|Win32
		{8C2A1135-7398-46BC-A3B4-CB51BD16DC4F}.Debug|x64.ActiveCfg = Debug|x64
		{8C2A1135-7398-46BC-A3B4-CB51BD16DC4F}.Debug|x64.Build.0 = Debug|x64
		{8C2A1135-7398-46BC-A3B4-CB51BD16DC4F}.Debug|x86.ActiveCfg = Debug|Win32
		{8C2A1135-7398-46BC-A3B4-CB51BD16DC4F}.Debug|x86.Build.0 = Debug|Win32
		{8C2A1135-7398-46BC-A3B4-CB51BD16DC4F}.Release|x64.ActiveCfg = Release|x64
		{8C2A1135-7398-46BC-A3B4-CB51BD16DC4F}.Release|x64.Build.0 = Release|x64
		{8C2A1135-7398-46BC-A3B4-CB51BD16DC4F}.Release|x86.ActiveCfg = Release|Win32
		{8C2A1135-7398-46BC-A3B4-CB51BD16DC4F}.Release|x86.Build.0 = Release|Win32
		{62BA8387-90C6-4F81-84B5-C58354EC1E98}.Debug|x64.ActiveCfg = Debug|x64
		{62BA8387-90C6-4F81-84B5-C58354EC1E98}.Debug|x64.Build.0 = Debug|x64
		{62BA8387-90C6-4F81-84B5-C58354EC1E98}.Debug|x86.ActiveCfg = Debug|Win32
		{62BA8387-90C6-4F81-84B5-C58354EC1E98}.Debug|x86.Build.0 = Debug|Win32
		{62BA8387-90C6-4F81-84B5-C58354EC1E98}.Release|x64.ActiveCfg = Release|x64
		{62BA8387-90C6-4F81-84B5-C58354EC1E98}.Release|x64.Build.0 = Release|x64
		{62BA8387-90C6-4F81-84B5-C58354EC1E98}.Release|x86.ActiveCfg = Release|Win32
		{62BA8387-90C6-4F81-84B5-C58354EC1E98}.Release|x86.Build.0 = Release|Win32
		{38AAA8F4-79F4-4EBF-BAA1-0597A731F2C7}.Debug|x64.ActiveCfg = Debug|x64
		{38AAA8F4-79F4-4EBF-BAA1-0597A731F2C7}.Debug|x64.Build.0 = Debug|x64
		{38AAA8F4-79F4-4EBF-BAA1-0597A731F2C7}.Debug|x86.ActiveCfg = Debug|Win32
		{38AAA8F4-79F4-4EBF-BAA1-0597A731F2C7}.Debug|x86.Build.0 = Debug|Win32
		{38AAA8F4-79F4-4EBF-BAA1-0597A731F2C7}.Release|x64.ActiveCfg = Release|x64
		{38AAA8F4-79F4-4EBF-BAA1-0597A731F2C7}.Release|x64.Build.0 = Release|x64
		{38AAA8F4-79F4-4EBF-BAA1-0597A731F2C7}.Release|x86.ActiveCfg = Release|Win32
		{38AAA8F4-79F4-4EBF-BAA1-0597A731F2C7}.Release|x86.Build.0 = Release|Win32
		{A098FFAB-C41C-42C9-8DF0-317507C17B26}.Debug|x64.ActiveCfg = Debug|x64
		{A098FFAB-C41C-42C9-8DF0-317507C17B26}.Debug|x64.Build.0 = Debug|x64
		{A098FFAB-C41C-42C9-8DF0-317507C17B26}.Debug|x86.ActiveCfg = Debug|Win32
		{A098FFAB-C41C-42C9-8DF0-317507C17B26}.Debug|x86.Build.0 = Debug|Win32
		{A098FFAB-C41C-42C9-8DF0-317507C17B26}.Release|x64.ActiveCfg = Release|x64
		{A098FFAB-C41C-42C9-8DF0-317507C17B26}.Release|x64.Build.0 = Release|x64
		{A098FFAB-C41C-42C9-8DF0-317507C17B26}.Release|x86.ActiveCfg = Release|Win32
		{A098FFAB-C41C-42C9-8DF0-317507C17B26}.Release|x86.Build.0 = Release|Win32
		{D8ED056C-A5D9-4C67-9768-370A04516157}.Debug|x64.ActiveCfg = Debug|x64
		{D8ED056C-A5D9-4C67-9768-370A04516157}.Debug|x64.Build.0 = Debug|x64
		{D8ED056C-A5D9-4C67-9768-370A04516157}.Debug|x86.ActiveCfg = Debug|Win32
		{D8ED056C-A5D9-4C67-9768-370A04516157}.Debug|x86.Build.0 = Debug|Win32
		{D8ED056C-A5D9-4C67-9768-370A04516157}.Release|x64.ActiveCfg = Release|x64
		{D8ED056C-A5D9-4C67-9768-370A04516157}.Release|x64.Build.0 = Release|x64
		{D8ED056C-A5D9-4C67-9768-370A04516157}.Release|x86.ActiveCfg = Release|Win32
		{D8ED056C-A5D9-4C67-9768-370A04516157}.Release|x86.Build.0 = Release|Win32
		{9EC4EE0D-8EBC-4C01-9764-1E998D9BC2C0}.Debug|x64.ActiveCfg = Debug|x64
		{9EC4EE0D-8EBC-4C01-9764-1E998D9BC2C0}.Debug|x64.Build.0 = Debug|x64
		{9EC4EE0D-8EBC-4C01-9764-1E998D9BC2C0}.Debug|x86.ActiveCfg = Debug|Win32
		{9EC4EE0D-8EBC-4C01-9764-1E998D9BC2C0}.Debug|x86.Build.0 = Debug|Win32
		{9EC4EE0D-8EBC-4C01-9764-1E998D9BC2C0}.Release|x64.ActiveCfg = Release|x64
		{9EC4EE0D-8EBC-4C01-9764-1E998D9BC2C0}.Release|x64.Build.0 = Release|x64
		{9EC4EE0D-8EBC-4C01-9764-1E998D9BC2C0}.Release|x86.ActiveCfg = Release|Win32
		{9EC4EE0D-8EBC-4C01-9764-1E998D9BC2C0}.Release|x86.Build.0 = Release|Win32
		{268ABD2C-5BEC-490B-8B9B-79ADF6DB3D1D}.Debug|x64.ActiveCfg = Debug|x64
		{268ABD2C-5BEC-490B-8B9B-79ADF6DB3D1D}.Debug|x64.Build.0 = Debug|x64
		{268ABD2C-5BEC-490B-8B9B-79ADF6DB3D1D}.Debug|x86.ActiveCfg = Debug|Win32
		{268ABD2C-5BEC-490B-8B9B-79ADF6DB3D1D}.Debug|x86.Build.0 = Debug|Win32
		{268ABD2C-5BEC-490B-8B9B-79ADF6DB3D1D}.Release|x64.ActiveCfg = Release|x64
		{268ABD2C-5BEC-490B-8B9B-79ADF6DB3D1D}.Release|x64.Build.0 = Release|x64
		{268ABD2C-5BEC-490B-8B9B-79ADF6DB3D1D}.Release|x86.ActiveCfg = Release|Win32
		{268ABD2C-5BEC-490B-8B9B-79ADF6DB3D1D}.Release|x86.Build.0 = Release|Win32
		{46FBEA12-A200-4DB2-9396-57B444023FA8}.Debug|x64.ActiveCfg = Debug|x64
		{46FBEA12-A200-4DB2-9396-57B444023FA8}.Debug|x64.Build.0 = Debug|x64
		{46FBEA12-A200-4DB2-9396-57B444023FA8}.Debug|x86.ActiveCfg = Debug|Win32
		{46FBEA12-A200-4DB2-9396-57B444023FA8}.Debug|x86.Build.0 = Debug|Win32
		{46FBEA12-A200-4DB2-9396-57B444023FA8}.Release|x64.ActiveCfg = Release|x64
		{46FBEA12-A200-4DB2-9396-57B444023FA8}.Release|x64.Build.0 = Release|x64
		{46FBEA12-A200-4DB2-9396-57B444023FA8}.Release|x86.ActiveCfg = Release|Win32
		{46FBEA12-A200-4DB2-9396-57B444023FA8}.Release|x86.Build.0 = Release|Win32
		{F06CB091-04B0-4FCD-B4FB-C930D6941F24}.Debug|x64.ActiveCfg = Debug|x64
		{F06CB091-04B0-4FCD-B4FB-C930D6941F24}.Debug|x64.Build.0 = Debug|x64
		{F06CB091-04B0-4FCD-B4FB-C930D6941F24}.Debug|x86.ActiveCfg = Debug|Win32
		{F06CB091-04B0-4FCD-B4FB-C930D6941F24}.Debug|x86.Build.0 = Debug|Win32
		{F06CB091-04B0-4FCD-B4FB-C930D6941F24}.Release|x64.ActiveCfg = Release|x64
		{F06CB091-04B0-4FCD-B4FB-C930D6941F24}.Release|x64.Build.0 = Release|x64
		{F06CB091-04B0-4FCD-B4FB-C930D6941F24}.Release|x86.ActiveCfg = Release|Win32
		{F06CB091-04B0-4FCD-B4FB-C930D6941F24}.Release|x86.Build.0 = Release|Win32
		{EBBA1659-E308-4F3A-93AC-06B92A62BB86}.Debug|x64.ActiveCfg = Debug|x64
		{EBBA1659-E308-4F3A-93AC-06B92A62BB86}.Debug|x64.Build.0 = Debug|x64
		{EBBA1659-E308-4F3A-93AC-06B92A62BB86}.Debug|x86.ActiveCfg = Debug|Win32
		{EBBA1659-E308-4F3A-93AC-06B92A62BB86}.Debug|x86.Build.0 = Debug|Win32
		{EBBA1659-E308-4F3A-93AC-06B92A62BB86}.Release|x64.ActiveCfg = Release|x64
		{EBBA1659-E308-4F3A-93AC-06B92A62BB86}.Release|x64.Build.0 = Release|x64
		{EBBA1659-E308-4F3A-93AC-06B92A62BB86}.Release|x86.ActiveCfg = Release|Win32
		{EBBA1659-E308-4F3A-93AC-06B92A62BB86}.Release|x86.Build.0 = Release|Win32
		{65F49DD8-DFD1-4FA2-81A2-FBE400A989AC}.Debug|x64.ActiveCfg = Debug|x64
		{65F49DD8-DFD1-4FA2-81A2-FBE400A989AC}.Debug|x64.Build.0 = Debug|x64
		{65F49DD8-DFD1-4FA2-81A2-FBE400A989AC}.Debug|x86.ActiveCfg = Debug|Win32
		{65F49DD8-DFD1-4FA2-81A2-FBE400A989AC}.Debug|x86.Build.0 = Debug|Win32
		{65F49DD8-DFD1-4FA2-81A2-FBE400A989AC}.Release|x64.ActiveCfg = Release|x64
		{65F49DD8-DFD1-4FA2-81A2-FBE400A989AC}.Release|x64.Build.0 = Release|x64
		{65F49DD8-DFD1-4FA2-81A2-FBE400A989AC}.Release|x86.ActiveCfg = Release|Win32
		{65F49DD8-DFD1-4FA2-81A2-FBE400A989AC}.Release|x86.Build.0 = Release|Win32
		{A0C29D0A-47CE-49BB-ACC3-78D55AAA7EB4}.Debug|x64.ActiveCfg = Debug|x64
		{A0C29D0A-47CE-49BB-ACC3-78D55AAA7EB4}.Debug|x64.Build.0 = Debug|x64
		{A0C29D0A-47CE-49BB-ACC3-78D55AAA7EB4}.Debug|x86.ActiveCfg = Debug|Win32
		{A0C29D0A-47CE-49BB-ACC3-78D55AAA7EB4}.Debug|x86.Build.0 = Debug|Win32
		{A0C29D0A-47CE-49BB-ACC3-78D55AAA7EB4}.Release|x64.ActiveCfg = Release|x64
		{A0C29D0A-47CE-49BB-ACC3-78D55AAA7EB4}.Release|x64.Build.0 = Release|x64
		{A0C29D0A-47CE-49BB-ACC3-78D55AAA7EB4}.Release|x86.ActiveCfg = Release|Win32
		{A0C29D0A-47CE-49BB-ACC3-78D55AAA7EB4}.Release|x86.Build.0 = Release|Win32
		{73A67B6F-2EA7-43CF-B6C2-6D3C51B66F39}.Debug|x64.ActiveCfg = Debug|x64
		{73A67B6F-2EA7-43CF-B6C2-6D3C51B66F39}.Debug|x64.Build.0 = Debug|x64
		{73A67B6F-2EA7-43CF-B6C2-6D3C51B66F39}.Debug|x86.ActiveCfg = Debug|Win32
		{73A67B6F-2EA7-43CF-B6C2-6D3C51B66F39}.Debug|x86.Build.0 = Debug|Win32
		{73A67B6F-2EA7-43CF-B6C2-6D3C51B66F39}.Release|x64.ActiveCfg = Release|x64
		{73A67B6F-2EA7-43CF-B6C2-6D3C51B66F39}.Release|x64.Build.0 = Release|x64
		{73A67B6F-2EA7-43CF-B6C2-6D3C51B66F39}.Release|x86.ActiveCfg = Release|Win32
		{73A67B6F-2EA7-43CF-B6C2-6D3C51B66F39}.Release|x86.Build.0 = Release|Win32
		{7416DC91-ED21-4EEF-8C40-0562256DCA01}.Debug|x64.ActiveCfg = Debug|x64
		{7416DC91-ED21-4EEF-8C40-0562256DCA01}.Debug|x64.Build.0 = Debug|x64
		{7416DC91-ED21-4EEF-8C40-0562256DCA01}.Debug|x86.ActiveCfg = Debug|Win32
		{7416DC91-ED21-4EEF-8C40-0562256DCA01}.Debug|x86.Build.0 = Debug|Win32
		{7416DC91-ED21-4EEF-8C40-0562256DCA01}.Release|x64.ActiveCfg = Release|x64
		{7416DC91-ED21-4EEF-8C40-0562256DCA01}.Release|x64.Build.0 = Release|x64
		{7416DC91-ED21-4EEF-8C40-0562256DCA01}.Release|x86.ActiveCfg = Release|Win32
		{7416DC91-ED21-4EEF-8C40-0562256DCA01}.Release|x86.Build.0 = Release|Win32
		{AF49851A-E25F-4470-8F05-B687B5901065}.Debug|x64.ActiveCfg = Debug|x64
		{AF49851A-E25F-4470-8F05-B687B5901065}.Debug|x64.Build.0 = Debug|x64
		{AF49851A-E25F-4470-8F05-B687B5901065}.Debug|x86.ActiveCfg = Debug|Win32
		{AF49851A-E25F-4470-8F05-B687B5901065}.Debug|x86.Build.0 = Debug|Win32
		{AF49851A-E25F-4470-8F05-B687B5901065}.Release|x64.ActiveCfg = Release|x64
		{AF49851A-E25F-4470-8F05-B687B5901065}.Release|x64.Build.0 = Release|x64
		{AF49851A-E25F-4470-8F05-B687B5901065}.Release|x86.ActiveCfg = Release|Win32
		{AF49851A-E25F-4470-8F05-B687B5901065}.Release|x86.Build.0 = Release|Win32
		{F6F9DF87-6946-4CF8-A488-0E562D733B20}.Debug|x64.ActiveCfg = Debug|x64
		{F6F9DF87-6946-4CF8-A488-0E562D733B20}.Debug|x64.Build.0 = Debug|x64
		{F6F9DF87-6946-4CF8-A488-0E562D733B20}.Debug|x86.ActiveCfg = Debug|Win32
		{F6F9DF87-6946-4CF8-A488-0E562D733B20}.Debug|x86.Build.0 = Debug|Win32
		{F6F9DF87-6946-4CF8-A488-0E562D733B20}.Release|x64.ActiveCfg = Release|x64
		{F6F9DF87-6946-4CF8-A488-0E562D733B20}.Release|x64.Build.0 = Release|x64
		{F6F9DF87-6946-4CF8-A488-0E562D733B20}.Release|x86.ActiveCfg = Release|Win32
		{F6F9DF87-6946-4CF8-A488-0E562D733B20}.Release|x86.Build.0 = Release|Win32
		{A3F2BB7A-D4AF-42E6-BB2F-5EE95A9AD012}.Debug|x64.ActiveCfg = Debug|x64
		{A3F2BB7A-D4AF-42E6-BB2F-5EE95A9AD012}.Debug|x64.Build.0 = Debug|x64
		{A3F2BB7A-D4AF-42E6-BB2F-5EE95A9AD012}.Debug|x86.ActiveCfg = Debug|Win32
		{A3F2BB7A-D4AF-42E6-BB2F-5EE95A9AD012}.Debug|x86.Build.0 = Debug|Win32
		{A3F2BB7A-D4AF-42E6-BB2F-5EE95A9AD012}.Release|x64.ActiveCfg = Release|x64
		{A3F2BB7A-D4AF-42E6-BB2F-5EE95A9AD012}.Release|x64.Build.0 = Release|x64
		{A3F2BB7A-D4AF-42E6-BB2F-5EE95A9AD012}.Release|x86.ActiveCfg = Release|Win32
		{A3F2BB7A-D4AF-42E6-BB2F-5EE95A9AD012}.Release|x86.Build.0 = Release|Win32
		{84675AE2-299F-47C3-A8A5-2F3097C3C346}.Debug|x64.ActiveCfg = Debug|x64
		{84675AE2-299F-47C3-A8A5-2F3097C3C346}.Debug|x64.Build.0 = Debug|x64
		{84675AE2-299F-47C3-A8A5-2F3097C3C346}.Debug|x86.ActiveCfg = Debug|Win32
		{84675AE2-299F-47C3-A8A5-2F3097C3C346}.Debug|x86.Build.0 = Debug|Win32
		{84675AE2-299F-47C3-A8A5-2F3097C3C346}.Release|x64.ActiveCfg = Release|x64
		{84675AE2-299F-47C3-A8A5-2F3097C3C346}.Release|x64.Build.0 = Release|x64
		{84675AE2-299F-47C3-A8A5-2F3097C3C346}.Release|x86.ActiveCfg = Release|Win32
		{84675AE2-299F-47C3-A8A5-2F3097C3C346}.Release|x86.Build.0 = Release|Win32
		{6FA55CC5-2894-4452-B8B6-BFA6CC73E4DF}.Debug|x64.ActiveCfg = Debug|x64
		{6FA55CC5-2894-4452-B8B6-BFA6CC73E4DF}.Debug|x64.Build.0 = Debug|x64
		{6FA55CC5-2894-4452-B8B6-BFA6CC73E4DF}.Debug|x86.ActiveCfg = Debug|Win32
		{6FA55CC5-2894-4452-B8B6-BFA6CC73E4DF}.Debug|x86.Build.0 = Debug|Win32
		{6FA55CC5-2894-4452-B8B6-BFA6CC73E4DF}.Release|x64.ActiveCfg = Release|x64
		{6FA55CC5-2894-4452-B8B6-BFA6CC73E4DF}.Release|x64.Build.0 = Release|x64
		{6FA55CC5-2894-4452-B8B6-BFA6CC73E4DF}.Release|x86.ActiveCfg = Release|Win32
		{6FA55CC5-2894-4452-B8B6-BFA6CC73E4DF}.Release|x86.Build.0 = Release|Win32
		{38504D97-0180-45BF-B51B-BD315A3AA9CD}.Debug|x64.ActiveCfg = Debug|x64
		{38504D97-0180-45BF-B51B-BD315A3AA9CD}.Debug|x64.Build.0 = Debug|x64
		{38504D97-0180-45BF-B51B-BD315A3AA9CD}.Debug|x86.ActiveCfg = Debug|Win32
		{38504D97-0180-45BF-B51B-BD315A3AA9CD}.Debug|x86.Build.0 = Debug|Win32
		{38504D97-0180-45BF-B51B-BD315A3AA9CD}.Release|x64.ActiveCfg = Release|x64
		{38504D97-0180-45BF-B51B-BD315A3AA9CD}.Release|x64.Build.0 = Release|x64
		{38504D97-0180-45BF-B51B-BD315A3AA9CD}.Release|x86.ActiveCfg = Release|Win32
		{38504D97-0180-45BF-B51B-BD315A3AA9CD}.Release|x86.Build.0 = Release|Win32
		{FCB2FA59-34DD-4CED-AD51-5220B8424E78}.Debug|x64.ActiveCfg = Debug|x64
		{FCB2FA59-34DD-4CED-AD51-5220B8424E78}.Debug|x64.Build.0 = Debug|x64
		{FCB2FA59-34DD-4CED-AD51-5220B8424E78}.Debug|x86.ActiveCfg = Debug|Win32
		{FCB2FA59-34DD-4CED-AD51-5220B8424E78}.Debug|x86.Build.0 = Debug|Win32
		{FCB2FA59-34DD-4CED-AD51-5220B8424E78}.Release|x64.ActiveCfg = Release|x64
		{FCB2FA59-34DD-4CED-AD51-5220B8424E78}.Release|x64.Build.0 = Release|x64
		{FCB2FA59-34DD-4CED-AD51-5220B8424E78}.Release|x86.ActiveCfg = Release|Win32
		{FCB2FA59-34DD-4CED-AD51-5220B8424E78}.Release|x86.Build.0 = Release|Win32
		{4D6BB6C5-B3F6-4F83-AE42-4C7084FB4979}.Debug|x64.ActiveCfg = Debug|x64
		{4D6BB6C5-B3F6-4F83-AE42-4C7084FB4979}.Debug|x64.Build.0 = Debug|x64
		{4D6BB6C5-B3F6-4F83-AE42-4C7084FB4979}.Debug|x86.ActiveCfg = Debug|Win32
		{4D6BB6C5-B3F6-4F83-AE42-4C7084FB4979}.Debug|x86.Build.0 = Debug|Win32
		{4D6BB6C5-B3F6-4F83-AE42-4C7084FB4979}.Release|x64.ActiveCfg = Release|x64
		{4D6BB6C5-B3F6-4F83-AE42-4C7084FB4979}.Release|x64.Build.0 = Release|x64
		{4D6BB6C5-B3F6-4F83-AE42-4C7084FB4979}.Release|x86.ActiveCfg = Release|Win32
		{4D6BB6C5-B3F6-4F83-AE42-4C7084FB4979}.Release|x86.Build.0 = Release|Win32
		{3C7CCC29-FD22-4A78-885A-CD248A975CA9}.Debug|x64.ActiveCfg = Debug|x64
		{3C7CCC29-FD22-4A78-885A-CD248A975CA9}.Debug|x64.Build.0 = Debug|x64
		{3C7CCC29-FD22-4A78-885A-CD248A975CA9}.Debug|x86.ActiveCfg = Debug|Win32
		{3C7CCC29-FD22-4A78-885A-CD248A975CA9}.Debug|x86.Build.0 = Debug|Win32
		{3C7CCC29-FD22-4A78-885A-CD248A975CA9}.Release|x64.ActiveCfg = Release|x64
		{3C7CCC29-FD22-4A78-885A-CD248A975CA9}.Release|x64.Build.0 = Release|x64
		{3C7CCC29-FD22-4A78-885A-CD248A975CA9}.Release|x86.ActiveCfg = Release|Win32
		{3C7CCC29-FD22-4A78-885A-CD248A975CA9}.Release|x86.Build.0 = Release|Win32
		{BCD79FB1-F47B-49DC-A5EA-1CF411C8AC65}.Debug|x64.ActiveCfg = Debug|x64
		{BCD79FB1-F47B-49DC-A5EA-1CF411C8AC65}.Debug|x64.Build.0 = Debug|x64
		{BCD79FB1-F47B-49DC-A5EA-1CF411C8AC65}.Debug|x86.ActiveCfg = Debug|Win32
		{BCD79FB1-F47B-49DC-A5EA-1CF411C8AC65}.Debug|x86.Build.0 = Debug|Win32
		{BCD79FB1-F47B-49DC-A5EA-1CF411C8AC65}.Release|x64.ActiveCfg = Release|x64
		{BCD79FB1-F47B-49DC-A5EA-1CF411C8AC65}.Release|x64.Build.0 = Release|x64
		{BCD79FB1-F47B-49DC-A5EA-1CF411C8AC65}.Release|x86.ActiveCfg = Release|Win32
		{BCD79FB1-F47B-49DC-A5EA-1CF411C8AC65}.Release|x86.Build.0 = Release|Win32
		{3F216EA9-8995-41E9-856A-583ACC7979B5}.Debug|x64.ActiveCfg = Debug|x64
		{3F216EA9-8995-41E9-856A-583ACC7979B5}.Debug|x64.Build.0 = Debug|x64
		{3F216EA9-8995-41E9-856A-583ACC7979B5}.Debug|x86.ActiveCfg = Debug|Win32
		{3F216EA9-8995-41E9-856A-583ACC7979B5}.Debug|x86.Build.0 = Debug|Win32
		{3F216EA9-8995-41E9-856A-583ACC7979B5}.Release|x64.ActiveCfg = Release|x64
		{3F216EA9-8995-41E9-856A-583ACC7979B5}.Release|x64.Build.0 = Release|x64
		{3F216EA9-8995-41E9-856A-583ACC7979B5}.Release|x86.ActiveCfg = Release|Win32
		{3F216EA9-8995-41E9-856A-583ACC7979B5}.Release|x86.Build.0 = Release|Win32
		{92C9808B-E99C-48E3-997F-F4B9D2FB2208}.Debug|x64.ActiveCfg = Debug|x64
		{92C9808B-E99C-48E3-997F-F4B9D2FB2208}.Debug|x64.Build.0 = Debug|x64
		{92C9808B-E99C-48E3-997F-F4B9D2FB2208}.Debug|x86.ActiveCfg = Debug|Win32
		{92C9808B-E99C-48E3-997F-F4B9D2FB2208}.Debug|x86.Build.0 = Debug|Win32
		{92C9808B-E99C-48E3-997F-F4B9D2FB2208}.Release|x64.ActiveCfg = Release|x64
		{92C9808B-E99C-48E3-997F-F4B9D2FB2208}.Release|x64.Build.0 = Release|x64
		{92C9808B-E99C-48E3-997F-F4B9D2FB2208}.Release|x86.ActiveCfg = Release|Win32
		{92C9808B-E99C-48E3-997F-F4B9D2FB2208}.Release|x86.Build.0 = Release|Win32
		{D2B46582-9150-4829-9B08-C9CAF985A308}.Debug|x64.ActiveCfg = Debug|x64
		{D2B46582-9150-4829-9B08-C9CAF985A308}.Debug|x64.Build.0 = Debug|x64
		{D2B46582-9150-4829-9B08-C9CAF985A308}.Debug|x86.ActiveCfg = Debug|Win32
		{D2B46582-9150-4829-9B08-C9CAF985A308}.Debug|x86.Build.0 = Debug|Win32
		{D2B46582-9150-4829-9B08-C9CAF985A308}.Release|x64.ActiveCfg = Release|x64
		{D2B46582-9150-4829-9B08-C9CAF985A308}.Release|x64.Build.0 = Release|x64
		{D2B46582-9150-4829-9B08-C9CAF985A308}.Release|x86.ActiveCfg = Release|Win32
		{D2B46582-9150-4829-9B08-C9CAF985A308}.Release|x86.Build.0 = Release|Win32
		{1929B1C2-8894-44D4-B932-AE05953C07AB}.Debug|x64.ActiveCfg = Debug|x64
		{1929B1C2-8894-44D4-B932-AE05953C07AB}.Debug|x64.Build.0 = Debug|x64
		{1929B1C2-8894-44D4-B932-AE05953C07AB}.Debug|x86.ActiveCfg = Debug|Win32
		{1929B1C2-8894-44D4-B932-AE05953C07AB}.Debug|x86.Build.0 = Debug|Win32
		{1929B1C2-8894-44D4-B932-AE05953C07AB}.Release|x64.ActiveCfg = Release|x64
		{1929B1C2-8894-44D4-B932-AE05953C07AB}.Release|x64.Build.0 = Release|x64
		{1929B1C2-8894-44D4-B932-AE05953C07AB}.Release|x86.ActiveCfg = Release|Win32
		{1929B1C2-8894-44D4-B932-AE05953C07AB}.Release|x86.Build.0 = Release|Win32
		{4331ABEF-2A64-4FD8-950D-DABB61EF07D7}.Debug|x64.ActiveCfg = Debug|x64
		{4331ABEF-2A64-4FD8-950D-DABB61EF07D7}.Debug|x64.Build.0 = Debug|x64
		{4331ABEF-2A64-4FD8-950D-DABB61EF07D7}.Debug|x86.ActiveCfg = Debug|Win32
		{4331ABEF-2A64-4FD8-950D-DABB61EF07D7}.Debug|x86.Build.0 = Debug|Win32
		{4331ABEF-2A64-4FD8-950D-DABB61EF07D7}.Release|x64.ActiveCfg = Release|x64
		{4331ABEF-2A64-4FD8-950D-DABB61EF07D7}.Release|x64.Build.0 = Release|x64
		{4331ABEF-2A64-4FD8-950D-DABB61EF07D7}.Release|x86.ActiveCfg = Release|Win32
		{4331ABEF-2A64-4FD8-950D-DABB61EF07D7}.Release|x86.Build.0 = Release|Win32
		{18514386-5C87-4AA2-BF55-4D927C803273}.Debug|x64.ActiveCfg = Debug|x64
		{18514386-5C87-4AA2-BF55-4D927C803273}.Debug|x64.Build.0 = Debug|x64
		{18514386-5C87-4AA2-BF55-4D927C803273}.Debug|x86.ActiveCfg = Debug|Win32
		{18514386-5C87-4AA2-BF55-4D927C803273}.Debug|x86.Build.0 = Debug|Win32
		{18514386-5C87-4AA2-BF55-4D927C803273}.Release|x64.ActiveCfg = Release|x64
		{18514386-5C87-4AA2-BF55-4D927C803273}.Release|x64.Build.0 = Release|x64
		{18514386-5C87-4AA2-BF55-4D927C803273}.Release|x86.ActiveCfg = Release|Win32
		{18514386-5C87-4AA2-BF55-4D927C803273}.Release|x86.Build.0 = Release|Win32
		{AFC315FB-D9D8-49C2-B9AB-213F272BD555}.Debug|x64.ActiveCfg = Debug|x64
		{AFC315FB-D9D8-49C2-B9AB-213F272BD555}.Debug|x64.Build.0 = Debug|x64
		{AFC315FB-D9D8-49C2-B9AB-213F272BD555}.Debug|x86.ActiveCfg = Debug|Win32
		{AFC315FB-D9D8-49C2-B9AB-213F272BD555}.Debug|x86.Build.0 = Debug|Win32
		{AFC315FB-D9D8-49C2-B9AB-213F272BD555}.Release|x64.ActiveCfg = Release|x64
		{AFC315FB-D9D8-49C2-B9AB-213F272BD555}.Release|x64.Build.0 = Release|x64
		{AFC315FB-D9D8-49C2-B9AB-213F272BD555}.Release|x86.ActiveCfg = Release|Win32
		{AFC315FB-D9D8-49C2-B9AB-213F272BD555}.Release|x86.Build.0 = Release|Win32
		{F9DD3C65-8171-4159-B9E5-E7DB2C46290E}.Debug|x64.ActiveCfg = Debug|x64
		{F9DD3C65-8171-4159-B9E5-E7DB2C46290E}.Debug|x64.Build.0 = Debug|x64
		{F9DD3C65-8171-4159-B9E5-E7DB2C46290E}.Debug|x86.ActiveCfg = Debug|Win32
		{F9DD3C65-8171-4159-B9E5-E7DB2C46290E}.Debug|x86.Build.0 = Debug|Win32
		{F9DD3C65-8171-4159-B9E5-E7DB2C46290E}.Release|x64.ActiveCfg = Release|x64
		{F9DD3C65-8171-4159-B9E5-E7DB2C46290E}.Release|x64.Build.0 = Release|x64
		{F9DD3C65-8171-4159-B9E5-E7DB2C46290E}.Release|x86.ActiveCfg = Release|Win32
		{F9DD3C65-8171-4159-B9E5-E7DB2C46290E}.Release|x86.Build.0 = Release|Win32
		{D53D6CA9-9C66-41E1-8811-8A790375D87B}.Debug|x64.ActiveCfg = Debug|x64
		{D53D6CA9-9C66-41E1-8811-8A790375D87B}.Debug|x64.Build.0 = Debug|x64
		{D53D6CA9-9C66-41E1-8811-8A790375D87B}.Debug|x86.ActiveCfg = Debug|Win32
		{D53D6CA9-9C66-41E1-8811-8A790375D87B}.Debug|x86.Build.0 = Debug|Win32
		{D53D6CA9-9C66-41E1-8811-8A790375D87B}.Release|x64.ActiveCfg = Release|x64
		{D53D6CA9-9C66-41E1-8811-8A790375D87B}.Release|x64.Build.0 = Release|x64
		{D53D6CA9-9C66-41E1-8811-8A790375D87B}.Release|x86.ActiveCfg = Release|Win32
		{D53D6CA9-9C66-41E1-8811-8A790375D87B}.Release|x86.Build.0 = Release|Win32
		{3AD9B869-29AC-4C4F-834C-7DE3828532D8}.Debug|x64.ActiveCfg = Debug|x64
		{3AD9B869-29AC-4C4F-834C-7DE3828532D8}.Debug|x64.Build.0 = Debug|x64
		{3AD9B869-29AC-4C4F-834C-7DE3828532D8}.Debug|x86.ActiveCfg = Debug|Win32
		{3AD9B869-29AC-4C4F-834C-7DE3828532D8}.Debug|x86.Build.0 = Debug|Win32
		{3AD9B869-29AC-4C4F-834C-7DE3828532D8}.Release|x64.ActiveCfg = Release|x64
		{3AD9B869-29AC-4C4F-834C-7DE3828532D8}.Release|x64.Build.0 = Release|x64
		{3AD9B869-29AC-4C4F-834C-7DE3828532D8}.Release|x86.ActiveCfg = Release|Win32
		{3AD9B869-29AC-4C4F-834C-7DE3828532D8}.Release|x86.Build.0 = Release|Win32
		{E8B17134-1D4B-49C7-88BC-6DE714AE15DA}.Debug|x64.ActiveCfg = Debug|x64
		{E8B17134-1D4B-49C7-88BC-6DE714AE15DA}.Debug|x64.Build.0 = Debug|x64
		{E8B17134-1D4B-49C7-88BC-6DE714AE15DA}.Debug|x86.ActiveCfg = Debug|Win32
		{E8B17134-1D4B-49C7-88BC-6DE714AE15DA}.Debug|x86.Build.0 = Debug|Win32
		{E8B17134-1D4B-49C7-88BC-6DE714AE15DA}.Release|x64.ActiveCfg = Release|x64
		{E8B17134-1D4B-49C7-88BC-6DE714AE15DA}.Release|x64.Build.0 = Release|x64
		{E8B17134-1D4B-49C7-88BC-6DE714AE15DA}.Release|x86.ActiveCfg = Release|Win32
		{E8B17134-1D4B-49C7-88BC-6DE714AE15DA}.Release|x86.Build.0 = Release|Win32
		{78943231-B00F-4CF3-B0E5-7681AAEC8442}.Debug|x64.ActiveCfg = Debug|x64
		{78943231-B00F-4CF3-B0E5-7681AAEC8442}.Debug|x64.Build.0 = Debug|x64
		{78943231-B00F-4CF3-B0E5-7681AAEC8442}.Debug|x86.ActiveCfg = Debug|Win32
		{78943231-B00F-4CF3-B0E5-7681AAEC8442}.Debug|x86.Build.0 = Debug|Win32
		{78943231-B00F-4CF3-B0E5-7681AAEC8442}.Release|x64.ActiveCfg = Release|x64
		{78943231-B00F-4CF3-B0E5-7681AAEC8442}.Release|x64.Build.0 = Release|x64
		{78943231-B00F-4CF3-B0E5-7681AAEC8442}.Release|x86.ActiveCfg = Release|Win32
		{78943231-B00F-4CF3-B0E5-7681AAEC8442}.Release|x86.Build.0 = Release|Win32
	EndGlobalSection
	GlobalSection(SolutionProperties) = preSolution
		HideSolutionNode = FALSE
	EndGlobalSection
	GlobalSection(NestedProjects) = preSolution
		{B11063BE-A5A7-43BF-B6E0-3FD11B3BDC43} = {36D591C7-65C7-A0D1-1CBC-10CDE441BDC8}
		{3710F33A-EEEA-403C-9E1F-42D7A8036A4C} = {36D591C7-65C7-A0D1-1CBC-10CDE441BDC8}
		{02C3AECD-4ECC-4C25-8C31-FE8C76BFE190} = {36D591C7-65C7-A0D1-1CBC-10CDE441BDC8}
		{4EF90A82-493F-4C2D-9AB7-7E53730FD1A0} = {36D591C7-65C7-A0D1-1CBC-10CDE441BDC8}
		{D25B5744-EDEB-4524-BBB4-BCA35832074D} = {36D591C7-65C7-A0D1-1CBC-10CDE441BDC8}
		{CBE15309-B9FD-4826-B2EF-AC666BA03EE5} = {279856A5-71D6-433E-B288-961756459858}
		{CB09B101-2C8F-4365-8B1A-7B9A6FD40B6E} = {279856A5-71D6-433E-B288-961756459858}
		{EB96C0A8-4FAC-4487-BC0A-C7A678E3604E} = {279856A5-71D6-433E-B288-961756459858}
		{8F18A5BD-BABA-4B60-B478-1FCD2EB856A0} = {279856A5-71D6-433E-B288-961756459858}
		{DB40D2FF-47AE-4E14-B6FE-EA15D1623EF1} = {279856A5-71D6-433E-B288-961756459858}
		{DD1F5749-19D1-4949-8756-9C1D59C828F1} = {279856A5-71D6-433E-B288-961756459858}
		{75DE347A-6FC6-46D7-8F33-14E6EE799FF1} = {279856A5-71D6-433E-B288-961756459858}
		{577FD260-8BD0-4593-98F0-16C3294A6C4D} = {279856A5-71D6-433E-B288-961756459858}
		{A4F4CAE9-F847-4A69-AE87-97B7430E3006} = {279856A5-71D6-433E-B288-961756459858}
		{5958887A-0791-4BF9-92FB-3D342C9981BF} = {279856A5-71D6-433E-B288-961756459858}
		{C7C30278-CCFB-486E-8958-7A7C0AF38BB0} = {279856A5-71D6-433E-B288-961756459858}
		{F7CA6967-BB18-4F77-89D9-78E09815B0BD} = {279856A5-71D6-433E-B288-961756459858}
		{2D3EBE1D-ECB3-4E08-976F-46E81F3F94E0} = {D74397B9-F6EE-4EA6-B34F-520606BF9E64}
		{9638EFD6-90B0-4711-9C53-FD12F6BDDF85} = {D74397B9-F6EE-4EA6-B34F-520606BF9E64}
		{1D18CDD4-77CD-4A31-8489-B5987DE09AEB} = {D74397B9-F6EE-4EA6-B34F-520606BF9E64}
		{668220D4-F506-4AAB-8A43-2F4B9C87A270} = {D74397B9-F6EE-4EA6-B34F-520606BF9E64}
		{8B69817E-BC6F-42B4-84EC-5B12483311F9} = {D74397B9-F6EE-4EA6-B34F-520606BF9E64}
		{FC863275-D768-4EB3-9F98-EEE6C918A1B7} = {D74397B9-F6EE-4EA6-B34F-520606BF9E64}
		{E6AD7D7E-F29C-473D-B91D-1A5BFC6CC6B6} = {D74397B9-F6EE-4EA6-B34F-520606BF9E64}
		{E9A06619-0A73-41D2-9E3C-B45DCA9A65FC} = {D74397B9-F6EE-4EA6-B34F-520606BF9E64}
		{92FF180C-10AD-4B01-87EE-15929E702966} = {D74397B9-F6EE-4EA6-B34F-520606BF9E64}
		{DCEA1100-1F03-4111-96EE-06CA7C6885E1} = {D74397B9-F6EE-4EA6-B34F-520606BF9E64}
		{B89C619D-79DA-4B22-AA3E-A66B931D215F} = {E885BD0F-5243-475A-9142-1BB8C0853182}
		{E8804AE3-749B-4E4A-9718-7724F5A58484} = {E885BD0F-5243-475A-9142-1BB8C0853182}
		{05EAFCC4-DCDA-4AC0-8314-12083C246332} = {E885BD0F-5243-475A-9142-1BB8C0853182}
		{DB0994E0-7A22-4DAA-A761-2C30B2D02607} = {E885BD0F-5243-475A-9142-1BB8C0853182}
		{3E43AC82-BC8F-47FF-9BE6-308B11B9B16F} = {1F9C7B8A-E53D-482A-8512-2A1307B94906}
		{73F48736-9442-41D9-900F-29816EB3EB98} = {1F9C7B8A-E53D-482A-8512-2A1307B94906}
		{240E73E2-2A7C-4B5E-9E08-7B790EF04FCE} = {1F9C7B8A-E53D-482A-8512-2A1307B94906}
		{3C99D7AA-ABC3-4578-87FB-00330C5ECF6E} = {1F9C7B8A-E53D-482A-8512-2A1307B94906}
		{8C2A1135-7398-46BC-A3B4-CB51BD16DC4F} = {1F9C7B8A-E53D-482A-8512-2A1307B94906}
		{62BA8387-90C6-4F81-84B5-C58354EC1E98} = {1F9C7B8A-E53D-482A-8512-2A1307B94906}
		{38AAA8F4-79F4-4EBF-BAA1-0597A731F2C7} = {1F9C7B8A-E53D-482A-8512-2A1307B94906}
		{A098FFAB-C41C-42C9-8DF0-317507C17B26} = {1F9C7B8A-E53D-482A-8512-2A1307B94906}
		{D8ED056C-A5D9-4C67-9768-370A04516157} = {F9A2F5F9-9824-4184-A008-D1A6286314F2}
		{9EC4EE0D-8EBC-4C01-9764-1E998D9BC2C0} = {F9A2F5F9-9824-4184-A008-D1A6286314F2}
		{268ABD2C-5BEC-490B-8B9B-79ADF6DB3D1D} = {F9A2F5F9-9824-4184-A008-D1A6286314F2}
		{46FBEA12-A200-4DB2-9396-57B444023FA8} = {94965CDD-4828-40F5-AFF2-4C6664FFDE12}
		{F06CB091-04B0-4FCD-B4FB-C930D6941F24} = {94965CDD-4828-40F5-AFF2-4C6664FFDE12}
		{EBBA1659-E308-4F3A-93AC-06B92A62BB86} = {94965CDD-4828-40F5-AFF2-4C6664FFDE12}
		{65F49DD8-DFD1-4FA2-81A2-FBE400A989AC} = {94965CDD-4828-40F5-AFF2-4C6664FFDE12}
		{A0C29D0A-47CE-49BB-ACC3-78D55AAA7EB4} = {94965CDD-4828-40F5-AFF2-4C6664FFDE12}
		{73A67B6F-2EA7-43CF-B6C2-6D3C51B66F39} = {94965CDD-4828-40F5-AFF2-4C6664FFDE12}
		{7416DC91-ED21-4EEF-8C40-0562256DCA01} = {94965CDD-4828-40F5-AFF2-4C6664FFDE12}
		{AF49851A-E25F-4470-8F05-B687B5901065} = {94965CDD-4828-40F5-AFF2-4C6664FFDE12}
		{F6F9DF87-6946-4CF8-A488-0E562D733B20} = {524FBADA-A025-4A55-BC5C-08ABE2639D95}
		{A3F2BB7A-D4AF-42E6-BB2F-5EE95A9AD012} = {524FBADA-A025-4A55-BC5C-08ABE2639D95}
		{84675AE2-299F-47C3-A8A5-2F3097C3C346} = {524FBADA-A025-4A55-BC5C-08ABE2639D95}
		{6FA55CC5-2894-4452-B8B6-BFA6CC73E4DF} = {524FBADA-A025-4A55-BC5C-08ABE2639D95}
		{38504D97-0180-45BF-B51B-BD315A3AA9CD} = {524FBADA-A025-4A55-BC5C-08ABE2639D95}
		{FCB2FA59-34DD-4CED-AD51-5220B8424E78} = {524FBADA-A025-4A55-BC5C-08ABE2639D95}
		{4D6BB6C5-B3F6-4F83-AE42-4C7084FB4979} = {F14A6ABB-BD54-4837-A337-DC5FD9398F94}
		{3C7CCC29-FD22-4A78-885A-CD248A975CA9} = {F14A6ABB-BD54-4837-A337-DC5FD9398F94}
		{BCD79FB1-F47B-49DC-A5EA-1CF411C8AC65} = {F14A6ABB-BD54-4837-A337-DC5FD9398F94}
		{3F216EA9-8995-41E9-856A-583ACC7979B5} = {F14A6ABB-BD54-4837-A337-DC5FD9398F94}
		{92C9808B-E99C-48E3-997F-F4B9D2FB2208} = {F14A6ABB-BD54-4837-A337-DC5FD9398F94}
		{D2B46582-9150-4829-9B08-C9CAF985A308} = {8B4B5C83-3069-4496-8835-FE7AFC64A110}
		{1929B1C2-8894-44D4-B932-AE05953C07AB} = {8B4B5C83-3069-4496-8835-FE7AFC64A110}
		{4331ABEF-2A64-4FD8-950D-DABB61EF07D7} = {8B4B5C83-3069-4496-8835-FE7AFC64A110}
		{18514386-5C87-4AA2-BF55-4D927C803273} = {8B4B5C83-3069-4496-8835-FE7AFC64A110}
		{AFC315FB-D9D8-49C2-B9AB-213F272BD555} = {43AF7326-A25A-4327-A09D-3B4D70C69D38}
		{F9DD3C65-8171-4159-B9E5-E7DB2C46290E} = {43AF7326-A25A-4327-A09D-3B4D70C69D38}
		{D53D6CA9-9C66-41E1-8811-8A790375D87B} = {43AF7326-A25A-4327-A09D-3B4D70C69D38}
		{3AD9B869-29AC-4C4F-834C-7DE3828532D8} = {43AF7326-A25A-4327-A09D-3B4D70C69D38}
		{E8B17134-1D4B-49C7-88BC-6DE714AE15DA} = {43AF7326-A25A-4327-A09D-3B4D70C69D38}
		{78943231-B00F-4CF3-B0E5-7681AAEC8442} = {43AF7326-A25A-4327-A09D-3B4D70C69D38}
	EndGlobalSection
	GlobalSection(ExtensibilityGlobals) = postSolution
		SolutionGuid = {E05E09B7-D4CF-4FD3-8707-1718802542D4}
	EndGlobalSection
EndGlobal
